// !$*UTF8*$!
{
	archiveVersion = 1;
	classes = {
	};
	objectVersion = 55;
	objects = {

/* Begin PBXBuildFile section */
		049B8EA5214F248124A23B8B /* Pods_VKFeed.framework in Frameworks */ = {isa = PBXBuildFile; fileRef = BE85C7C99B918032DDEA1432 /* Pods_VKFeed.framework */; };
		AD06486F28CF6C2600393F6D /* VKDataModels.swift in Sources */ = {isa = PBXBuildFile; fileRef = AD06486E28CF6C2600393F6D /* VKDataModels.swift */; };
		AD06487128CF6FEE00393F6D /* FriendTableViewCell.swift in Sources */ = {isa = PBXBuildFile; fileRef = AD06487028CF6FEE00393F6D /* FriendTableViewCell.swift */; };
		AD06487628CF71ED00393F6D /* UIImageLoadExtension.swift in Sources */ = {isa = PBXBuildFile; fileRef = AD06487528CF71ED00393F6D /* UIImageLoadExtension.swift */; };
		AD06487928CF732C00393F6D /* AppErrors.swift in Sources */ = {isa = PBXBuildFile; fileRef = AD06487828CF732C00393F6D /* AppErrors.swift */; };
		AD06487B28CF759100393F6D /* UserStruct.swift in Sources */ = {isa = PBXBuildFile; fileRef = AD06487A28CF759100393F6D /* UserStruct.swift */; };
		AD06487D28CF766200393F6D /* FriendsAdapter.swift in Sources */ = {isa = PBXBuildFile; fileRef = AD06487C28CF766200393F6D /* FriendsAdapter.swift */; };
		AD06488128CF79AA00393F6D /* PhotoService.swift in Sources */ = {isa = PBXBuildFile; fileRef = AD06488028CF79AA00393F6D /* PhotoService.swift */; };
		AD7FE03828C61452000BB520 /* AppDelegate.swift in Sources */ = {isa = PBXBuildFile; fileRef = AD7FE03728C61452000BB520 /* AppDelegate.swift */; };
		AD7FE03A28C61452000BB520 /* SceneDelegate.swift in Sources */ = {isa = PBXBuildFile; fileRef = AD7FE03928C61452000BB520 /* SceneDelegate.swift */; };
		AD7FE03F28C61452000BB520 /* Main.storyboard in Resources */ = {isa = PBXBuildFile; fileRef = AD7FE03D28C61452000BB520 /* Main.storyboard */; };
		AD7FE04128C61454000BB520 /* Assets.xcassets in Resources */ = {isa = PBXBuildFile; fileRef = AD7FE04028C61454000BB520 /* Assets.xcassets */; };
		AD7FE04428C61454000BB520 /* LaunchScreen.storyboard in Resources */ = {isa = PBXBuildFile; fileRef = AD7FE04228C61454000BB520 /* LaunchScreen.storyboard */; };
		AD7FE04F28C774B5000BB520 /* WebViewController.swift in Sources */ = {isa = PBXBuildFile; fileRef = AD7FE04E28C774B5000BB520 /* WebViewController.swift */; };
		AD7FE05128C77554000BB520 /* SessionSingleton.swift in Sources */ = {isa = PBXBuildFile; fileRef = AD7FE05028C77554000BB520 /* SessionSingleton.swift */; };
		AD7FE05328C775BA000BB520 /* MainTabBarController.swift in Sources */ = {isa = PBXBuildFile; fileRef = AD7FE05228C775BA000BB520 /* MainTabBarController.swift */; };
		AD7FE05528C7785A000BB520 /* FriendsViewController.swift in Sources */ = {isa = PBXBuildFile; fileRef = AD7FE05428C7785A000BB520 /* FriendsViewController.swift */; };
		AD7FE05828C77D8A000BB520 /* VKService.swift in Sources */ = {isa = PBXBuildFile; fileRef = AD7FE05728C77D8A000BB520 /* VKService.swift */; };
/* End PBXBuildFile section */

/* Begin PBXFileReference section */
		322771861DBDCBB48063EF74 /* Pods-VKFeed.debug.xcconfig */ = {isa = PBXFileReference; includeInIndex = 1; lastKnownFileType = text.xcconfig; name = "Pods-VKFeed.debug.xcconfig"; path = "Target Support Files/Pods-VKFeed/Pods-VKFeed.debug.xcconfig"; sourceTree = "<group>"; };
		99DA78A02287BC43A8A35DAA /* Pods-VKFeed.release.xcconfig */ = {isa = PBXFileReference; includeInIndex = 1; lastKnownFileType = text.xcconfig; name = "Pods-VKFeed.release.xcconfig"; path = "Target Support Files/Pods-VKFeed/Pods-VKFeed.release.xcconfig"; sourceTree = "<group>"; };
		AD06486E28CF6C2600393F6D /* VKDataModels.swift */ = {isa = PBXFileReference; lastKnownFileType = sourcecode.swift; path = VKDataModels.swift; sourceTree = "<group>"; };
		AD06487028CF6FEE00393F6D /* FriendTableViewCell.swift */ = {isa = PBXFileReference; lastKnownFileType = sourcecode.swift; path = FriendTableViewCell.swift; sourceTree = "<group>"; };
		AD06487528CF71ED00393F6D /* UIImageLoadExtension.swift */ = {isa = PBXFileReference; lastKnownFileType = sourcecode.swift; path = UIImageLoadExtension.swift; sourceTree = "<group>"; };
		AD06487828CF732C00393F6D /* AppErrors.swift */ = {isa = PBXFileReference; lastKnownFileType = sourcecode.swift; path = AppErrors.swift; sourceTree = "<group>"; };
		AD06487A28CF759100393F6D /* UserStruct.swift */ = {isa = PBXFileReference; lastKnownFileType = sourcecode.swift; path = UserStruct.swift; sourceTree = "<group>"; };
		AD06487C28CF766200393F6D /* FriendsAdapter.swift */ = {isa = PBXFileReference; lastKnownFileType = sourcecode.swift; path = FriendsAdapter.swift; sourceTree = "<group>"; };
		AD06488028CF79AA00393F6D /* PhotoService.swift */ = {isa = PBXFileReference; lastKnownFileType = sourcecode.swift; path = PhotoService.swift; sourceTree = "<group>"; };
		AD7FE03428C61452000BB520 /* VKFeed.app */ = {isa = PBXFileReference; explicitFileType = wrapper.application; includeInIndex = 0; path = VKFeed.app; sourceTree = BUILT_PRODUCTS_DIR; };
		AD7FE03728C61452000BB520 /* AppDelegate.swift */ = {isa = PBXFileReference; lastKnownFileType = sourcecode.swift; path = AppDelegate.swift; sourceTree = "<group>"; };
		AD7FE03928C61452000BB520 /* SceneDelegate.swift */ = {isa = PBXFileReference; lastKnownFileType = sourcecode.swift; path = SceneDelegate.swift; sourceTree = "<group>"; };
		AD7FE03E28C61452000BB520 /* Base */ = {isa = PBXFileReference; lastKnownFileType = file.storyboard; name = Base; path = Base.lproj/Main.storyboard; sourceTree = "<group>"; };
		AD7FE04028C61454000BB520 /* Assets.xcassets */ = {isa = PBXFileReference; lastKnownFileType = folder.assetcatalog; path = Assets.xcassets; sourceTree = "<group>"; };
		AD7FE04328C61454000BB520 /* Base */ = {isa = PBXFileReference; lastKnownFileType = file.storyboard; name = Base; path = Base.lproj/LaunchScreen.storyboard; sourceTree = "<group>"; };
		AD7FE04528C61454000BB520 /* Info.plist */ = {isa = PBXFileReference; lastKnownFileType = text.plist.xml; path = Info.plist; sourceTree = "<group>"; };
		AD7FE04E28C774B5000BB520 /* WebViewController.swift */ = {isa = PBXFileReference; lastKnownFileType = sourcecode.swift; path = WebViewController.swift; sourceTree = "<group>"; };
		AD7FE05028C77554000BB520 /* SessionSingleton.swift */ = {isa = PBXFileReference; lastKnownFileType = sourcecode.swift; path = SessionSingleton.swift; sourceTree = "<group>"; };
		AD7FE05228C775BA000BB520 /* MainTabBarController.swift */ = {isa = PBXFileReference; lastKnownFileType = sourcecode.swift; path = MainTabBarController.swift; sourceTree = "<group>"; };
		AD7FE05428C7785A000BB520 /* FriendsViewController.swift */ = {isa = PBXFileReference; lastKnownFileType = sourcecode.swift; path = FriendsViewController.swift; sourceTree = "<group>"; };
		AD7FE05728C77D8A000BB520 /* VKService.swift */ = {isa = PBXFileReference; lastKnownFileType = sourcecode.swift; path = VKService.swift; sourceTree = "<group>"; };
		BE85C7C99B918032DDEA1432 /* Pods_VKFeed.framework */ = {isa = PBXFileReference; explicitFileType = wrapper.framework; includeInIndex = 0; path = Pods_VKFeed.framework; sourceTree = BUILT_PRODUCTS_DIR; };
/* End PBXFileReference section */

/* Begin PBXFrameworksBuildPhase section */
		AD7FE03128C61452000BB520 /* Frameworks */ = {
			isa = PBXFrameworksBuildPhase;
			buildActionMask = 2147483647;
			files = (
				049B8EA5214F248124A23B8B /* Pods_VKFeed.framework in Frameworks */,
			);
			runOnlyForDeploymentPostprocessing = 0;
		};
/* End PBXFrameworksBuildPhase section */

/* Begin PBXGroup section */
		18539192076D1034E5D94807 /* Frameworks */ = {
			isa = PBXGroup;
			children = (
				BE85C7C99B918032DDEA1432 /* Pods_VKFeed.framework */,
			);
			name = Frameworks;
			sourceTree = "<group>";
		};
		AD06487228CF71C500393F6D /* Helpers */ = {
			isa = PBXGroup;
			children = (
				AD06487528CF71ED00393F6D /* UIImageLoadExtension.swift */,
				AD06487828CF732C00393F6D /* AppErrors.swift */,
				AD06487C28CF766200393F6D /* FriendsAdapter.swift */,
				AD06488028CF79AA00393F6D /* PhotoService.swift */,
			);
			path = Helpers;
			sourceTree = "<group>";
		};
		AD06487728CF721100393F6D /* FriendViewController */ = {
			isa = PBXGroup;
			children = (
				AD7FE05428C7785A000BB520 /* FriendsViewController.swift */,
				AD06487028CF6FEE00393F6D /* FriendTableViewCell.swift */,
			);
			path = FriendViewController;
			sourceTree = "<group>";
		};
		AD7FE02B28C61452000BB520 = {
			isa = PBXGroup;
			children = (
				AD7FE03628C61452000BB520 /* VKFeed */,
				AD7FE03528C61452000BB520 /* Products */,
				FFE9A3093BD40C3996C3B7F3 /* Pods */,
				18539192076D1034E5D94807 /* Frameworks */,
			);
			sourceTree = "<group>";
		};
		AD7FE03528C61452000BB520 /* Products */ = {
			isa = PBXGroup;
			children = (
				AD7FE03428C61452000BB520 /* VKFeed.app */,
			);
			name = Products;
			sourceTree = "<group>";
		};
		AD7FE03628C61452000BB520 /* VKFeed */ = {
			isa = PBXGroup;
			children = (
				AD06487228CF71C500393F6D /* Helpers */,
				AD7FE05628C77D6B000BB520 /* Service */,
				AD7FE04D28C77425000BB520 /* Model */,
				AD7FE04B28C77406000BB520 /* View */,
				AD7FE04C28C7741A000BB520 /* Controller */,
				AD7FE03728C61452000BB520 /* AppDelegate.swift */,
				AD7FE03928C61452000BB520 /* SceneDelegate.swift */,
				AD7FE03D28C61452000BB520 /* Main.storyboard */,
				AD7FE04028C61454000BB520 /* Assets.xcassets */,
				AD7FE04228C61454000BB520 /* LaunchScreen.storyboard */,
				AD7FE04528C61454000BB520 /* Info.plist */,
			);
			path = VKFeed;
			sourceTree = "<group>";
		};
		AD7FE04B28C77406000BB520 /* View */ = {
			isa = PBXGroup;
			children = (
			);
			path = View;
			sourceTree = "<group>";
		};
		AD7FE04C28C7741A000BB520 /* Controller */ = {
			isa = PBXGroup;
			children = (
				AD06487728CF721100393F6D /* FriendViewController */,
				AD7FE04E28C774B5000BB520 /* WebViewController.swift */,
				AD7FE05228C775BA000BB520 /* MainTabBarController.swift */,
			);
			path = Controller;
			sourceTree = "<group>";
		};
		AD7FE04D28C77425000BB520 /* Model */ = {
			isa = PBXGroup;
			children = (
				AD7FE05028C77554000BB520 /* SessionSingleton.swift */,
				AD06486E28CF6C2600393F6D /* VKDataModels.swift */,
				AD06487A28CF759100393F6D /* UserStruct.swift */,
			);
			path = Model;
			sourceTree = "<group>";
		};
		AD7FE05628C77D6B000BB520 /* Service */ = {
			isa = PBXGroup;
			children = (
				AD7FE05728C77D8A000BB520 /* VKService.swift */,
			);
			path = Service;
			sourceTree = "<group>";
		};
		FFE9A3093BD40C3996C3B7F3 /* Pods */ = {
			isa = PBXGroup;
			children = (
				322771861DBDCBB48063EF74 /* Pods-VKFeed.debug.xcconfig */,
				99DA78A02287BC43A8A35DAA /* Pods-VKFeed.release.xcconfig */,
			);
			path = Pods;
			sourceTree = "<group>";
		};
/* End PBXGroup section */

/* Begin PBXNativeTarget section */
		AD7FE03328C61452000BB520 /* VKFeed */ = {
			isa = PBXNativeTarget;
			buildConfigurationList = AD7FE04828C61454000BB520 /* Build configuration list for PBXNativeTarget "VKFeed" */;
			buildPhases = (
				5D6B22E9B13183E3711CCB98 /* [CP] Check Pods Manifest.lock */,
				AD7FE03028C61452000BB520 /* Sources */,
				AD7FE03128C61452000BB520 /* Frameworks */,
				AD7FE03228C61452000BB520 /* Resources */,
				601CFBE5D18624E5E301DD1D /* [CP] Embed Pods Frameworks */,
			);
			buildRules = (
			);
			dependencies = (
			);
			name = VKFeed;
			productName = VKFeed;
			productReference = AD7FE03428C61452000BB520 /* VKFeed.app */;
			productType = "com.apple.product-type.application";
		};
/* End PBXNativeTarget section */

/* Begin PBXProject section */
		AD7FE02C28C61452000BB520 /* Project object */ = {
			isa = PBXProject;
			attributes = {
				BuildIndependentTargetsInParallel = 1;
				LastSwiftUpdateCheck = 1340;
				LastUpgradeCheck = 1340;
				TargetAttributes = {
					AD7FE03328C61452000BB520 = {
						CreatedOnToolsVersion = 13.4.1;
					};
				};
			};
			buildConfigurationList = AD7FE02F28C61452000BB520 /* Build configuration list for PBXProject "VKFeed" */;
			compatibilityVersion = "Xcode 13.0";
			developmentRegion = en;
			hasScannedForEncodings = 0;
			knownRegions = (
				en,
				Base,
			);
			mainGroup = AD7FE02B28C61452000BB520;
			productRefGroup = AD7FE03528C61452000BB520 /* Products */;
			projectDirPath = "";
			projectRoot = "";
			targets = (
				AD7FE03328C61452000BB520 /* VKFeed */,
			);
		};
/* End PBXProject section */

/* Begin PBXResourcesBuildPhase section */
		AD7FE03228C61452000BB520 /* Resources */ = {
			isa = PBXResourcesBuildPhase;
			buildActionMask = 2147483647;
			files = (
				AD7FE04428C61454000BB520 /* LaunchScreen.storyboard in Resources */,
				AD7FE04128C61454000BB520 /* Assets.xcassets in Resources */,
				AD7FE03F28C61452000BB520 /* Main.storyboard in Resources */,
			);
			runOnlyForDeploymentPostprocessing = 0;
		};
/* End PBXResourcesBuildPhase section */

/* Begin PBXShellScriptBuildPhase section */
		5D6B22E9B13183E3711CCB98 /* [CP] Check Pods Manifest.lock */ = {
			isa = PBXShellScriptBuildPhase;
			buildActionMask = 2147483647;
			files = (
			);
			inputFileListPaths = (
			);
			inputPaths = (
				"${PODS_PODFILE_DIR_PATH}/Podfile.lock",
				"${PODS_ROOT}/Manifest.lock",
			);
			name = "[CP] Check Pods Manifest.lock";
			outputFileListPaths = (
			);
			outputPaths = (
				"$(DERIVED_FILE_DIR)/Pods-VKFeed-checkManifestLockResult.txt",
			);
			runOnlyForDeploymentPostprocessing = 0;
			shellPath = /bin/sh;
			shellScript = "diff \"${PODS_PODFILE_DIR_PATH}/Podfile.lock\" \"${PODS_ROOT}/Manifest.lock\" > /dev/null\nif [ $? != 0 ] ; then\n    # print error to STDERR\n    echo \"error: The sandbox is not in sync with the Podfile.lock. Run 'pod install' or update your CocoaPods installation.\" >&2\n    exit 1\nfi\n# This output is used by Xcode 'outputs' to avoid re-running this script phase.\necho \"SUCCESS\" > \"${SCRIPT_OUTPUT_FILE_0}\"\n";
			showEnvVarsInLog = 0;
		};
		601CFBE5D18624E5E301DD1D /* [CP] Embed Pods Frameworks */ = {
			isa = PBXShellScriptBuildPhase;
			buildActionMask = 2147483647;
			files = (
			);
			inputFileListPaths = (
				"${PODS_ROOT}/Target Support Files/Pods-VKFeed/Pods-VKFeed-frameworks-${CONFIGURATION}-input-files.xcfilelist",
			);
			name = "[CP] Embed Pods Frameworks";
			outputFileListPaths = (
				"${PODS_ROOT}/Target Support Files/Pods-VKFeed/Pods-VKFeed-frameworks-${CONFIGURATION}-output-files.xcfilelist",
			);
			runOnlyForDeploymentPostprocessing = 0;
			shellPath = /bin/sh;
			shellScript = "\"${PODS_ROOT}/Target Support Files/Pods-VKFeed/Pods-VKFeed-frameworks.sh\"\n";
			showEnvVarsInLog = 0;
		};
/* End PBXShellScriptBuildPhase section */

/* Begin PBXSourcesBuildPhase section */
		AD7FE03028C61452000BB520 /* Sources */ = {
			isa = PBXSourcesBuildPhase;
			buildActionMask = 2147483647;
			files = (
				AD06487128CF6FEE00393F6D /* FriendTableViewCell.swift in Sources */,
				AD7FE05128C77554000BB520 /* SessionSingleton.swift in Sources */,
				AD7FE03828C61452000BB520 /* AppDelegate.swift in Sources */,
				AD06487B28CF759100393F6D /* UserStruct.swift in Sources */,
				AD7FE05328C775BA000BB520 /* MainTabBarController.swift in Sources */,
				AD7FE04F28C774B5000BB520 /* WebViewController.swift in Sources */,
				AD06488128CF79AA00393F6D /* PhotoService.swift in Sources */,
				AD06487628CF71ED00393F6D /* UIImageLoadExtension.swift in Sources */,
				AD06486F28CF6C2600393F6D /* VKDataModels.swift in Sources */,
				AD7FE05528C7785A000BB520 /* FriendsViewController.swift in Sources */,
				AD06487D28CF766200393F6D /* FriendsAdapter.swift in Sources */,
				AD06487928CF732C00393F6D /* AppErrors.swift in Sources */,
				AD7FE05828C77D8A000BB520 /* VKService.swift in Sources */,
				AD7FE03A28C61452000BB520 /* SceneDelegate.swift in Sources */,
			);
			runOnlyForDeploymentPostprocessing = 0;
		};
/* End PBXSourcesBuildPhase section */

/* Begin PBXVariantGroup section */
		AD7FE03D28C61452000BB520 /* Main.storyboard */ = {
			isa = PBXVariantGroup;
			children = (
				AD7FE03E28C61452000BB520 /* Base */,
			);
			name = Main.storyboard;
			sourceTree = "<group>";
		};
		AD7FE04228C61454000BB520 /* LaunchScreen.storyboard */ = {
			isa = PBXVariantGroup;
			children = (
				AD7FE04328C61454000BB520 /* Base */,
			);
			name = LaunchScreen.storyboard;
			sourceTree = "<group>";
		};
/* End PBXVariantGroup section */

/* Begin XCBuildConfiguration section */
		AD7FE04628C61454000BB520 /* Debug */ = {
			isa = XCBuildConfiguration;
			buildSettings = {
				ALWAYS_SEARCH_USER_PATHS = NO;
				CLANG_ANALYZER_NONNULL = YES;
				CLANG_ANALYZER_NUMBER_OBJECT_CONVERSION = YES_AGGRESSIVE;
				CLANG_CXX_LANGUAGE_STANDARD = "gnu++17";
				CLANG_ENABLE_MODULES = YES;
				CLANG_ENABLE_OBJC_ARC = YES;
				CLANG_ENABLE_OBJC_WEAK = YES;
				CLANG_WARN_BLOCK_CAPTURE_AUTORELEASING = YES;
				CLANG_WARN_BOOL_CONVERSION = YES;
				CLANG_WARN_COMMA = YES;
				CLANG_WARN_CONSTANT_CONVERSION = YES;
				CLANG_WARN_DEPRECATED_OBJC_IMPLEMENTATIONS = YES;
				CLANG_WARN_DIRECT_OBJC_ISA_USAGE = YES_ERROR;
				CLANG_WARN_DOCUMENTATION_COMMENTS = YES;
				CLANG_WARN_EMPTY_BODY = YES;
				CLANG_WARN_ENUM_CONVERSION = YES;
				CLANG_WARN_INFINITE_RECURSION = YES;
				CLANG_WARN_INT_CONVERSION = YES;
				CLANG_WARN_NON_LITERAL_NULL_CONVERSION = YES;
				CLANG_WARN_OBJC_IMPLICIT_RETAIN_SELF = YES;
				CLANG_WARN_OBJC_LITERAL_CONVERSION = YES;
				CLANG_WARN_OBJC_ROOT_CLASS = YES_ERROR;
				CLANG_WARN_QUOTED_INCLUDE_IN_FRAMEWORK_HEADER = YES;
				CLANG_WARN_RANGE_LOOP_ANALYSIS = YES;
				CLANG_WARN_STRICT_PROTOTYPES = YES;
				CLANG_WARN_SUSPICIOUS_MOVE = YES;
				CLANG_WARN_UNGUARDED_AVAILABILITY = YES_AGGRESSIVE;
				CLANG_WARN_UNREACHABLE_CODE = YES;
				CLANG_WARN__DUPLICATE_METHOD_MATCH = YES;
				COPY_PHASE_STRIP = NO;
				DEBUG_INFORMATION_FORMAT = dwarf;
				ENABLE_STRICT_OBJC_MSGSEND = YES;
				ENABLE_TESTABILITY = YES;
				GCC_C_LANGUAGE_STANDARD = gnu11;
				GCC_DYNAMIC_NO_PIC = NO;
				GCC_NO_COMMON_BLOCKS = YES;
				GCC_OPTIMIZATION_LEVEL = 0;
				GCC_PREPROCESSOR_DEFINITIONS = (
					"DEBUG=1",
					"$(inherited)",
				);
				GCC_WARN_64_TO_32_BIT_CONVERSION = YES;
				GCC_WARN_ABOUT_RETURN_TYPE = YES_ERROR;
				GCC_WARN_UNDECLARED_SELECTOR = YES;
				GCC_WARN_UNINITIALIZED_AUTOS = YES_AGGRESSIVE;
				GCC_WARN_UNUSED_FUNCTION = YES;
				GCC_WARN_UNUSED_VARIABLE = YES;
				IPHONEOS_DEPLOYMENT_TARGET = 15.5;
				MTL_ENABLE_DEBUG_INFO = INCLUDE_SOURCE;
				MTL_FAST_MATH = YES;
				ONLY_ACTIVE_ARCH = YES;
				SDKROOT = iphoneos;
				SWIFT_ACTIVE_COMPILATION_CONDITIONS = DEBUG;
				SWIFT_OPTIMIZATION_LEVEL = "-Onone";
			};
			name = Debug;
		};
		AD7FE04728C61454000BB520 /* Release */ = {
			isa = XCBuildConfiguration;
			buildSettings = {
				ALWAYS_SEARCH_USER_PATHS = NO;
				CLANG_ANALYZER_NONNULL = YES;
				CLANG_ANALYZER_NUMBER_OBJECT_CONVERSION = YES_AGGRESSIVE;
				CLANG_CXX_LANGUAGE_STANDARD = "gnu++17";
				CLANG_ENABLE_MODULES = YES;
				CLANG_ENABLE_OBJC_ARC = YES;
				CLANG_ENABLE_OBJC_WEAK = YES;
				CLANG_WARN_BLOCK_CAPTURE_AUTORELEASING = YES;
				CLANG_WARN_BOOL_CONVERSION = YES;
				CLANG_WARN_COMMA = YES;
				CLANG_WARN_CONSTANT_CONVERSION = YES;
				CLANG_WARN_DEPRECATED_OBJC_IMPLEMENTATIONS = YES;
				CLANG_WARN_DIRECT_OBJC_ISA_USAGE = YES_ERROR;
				CLANG_WARN_DOCUMENTATION_COMMENTS = YES;
				CLANG_WARN_EMPTY_BODY = YES;
				CLANG_WARN_ENUM_CONVERSION = YES;
				CLANG_WARN_INFINITE_RECURSION = YES;
				CLANG_WARN_INT_CONVERSION = YES;
				CLANG_WARN_NON_LITERAL_NULL_CONVERSION = YES;
				CLANG_WARN_OBJC_IMPLICIT_RETAIN_SELF = YES;
				CLANG_WARN_OBJC_LITERAL_CONVERSION = YES;
				CLANG_WARN_OBJC_ROOT_CLASS = YES_ERROR;
				CLANG_WARN_QUOTED_INCLUDE_IN_FRAMEWORK_HEADER = YES;
				CLANG_WARN_RANGE_LOOP_ANALYSIS = YES;
				CLANG_WARN_STRICT_PROTOTYPES = YES;
				CLANG_WARN_SUSPICIOUS_MOVE = YES;
				CLANG_WARN_UNGUARDED_AVAILABILITY = YES_AGGRESSIVE;
				CLANG_WARN_UNREACHABLE_CODE = YES;
				CLANG_WARN__DUPLICATE_METHOD_MATCH = YES;
				COPY_PHASE_STRIP = NO;
				DEBUG_INFORMATION_FORMAT = "dwarf-with-dsym";
				ENABLE_NS_ASSERTIONS = NO;
				ENABLE_STRICT_OBJC_MSGSEND = YES;
				GCC_C_LANGUAGE_STANDARD = gnu11;
				GCC_NO_COMMON_BLOCKS = YES;
				GCC_WARN_64_TO_32_BIT_CONVERSION = YES;
				GCC_WARN_ABOUT_RETURN_TYPE = YES_ERROR;
				GCC_WARN_UNDECLARED_SELECTOR = YES;
				GCC_WARN_UNINITIALIZED_AUTOS = YES_AGGRESSIVE;
				GCC_WARN_UNUSED_FUNCTION = YES;
				GCC_WARN_UNUSED_VARIABLE = YES;
				IPHONEOS_DEPLOYMENT_TARGET = 15.5;
				MTL_ENABLE_DEBUG_INFO = NO;
				MTL_FAST_MATH = YES;
				SDKROOT = iphoneos;
				SWIFT_COMPILATION_MODE = wholemodule;
				SWIFT_OPTIMIZATION_LEVEL = "-O";
				VALIDATE_PRODUCT = YES;
			};
			name = Release;
		};
		AD7FE04928C61454000BB520 /* Debug */ = {
			isa = XCBuildConfiguration;
			baseConfigurationReference = 322771861DBDCBB48063EF74 /* Pods-VKFeed.debug.xcconfig */;
			buildSettings = {
				ASSETCATALOG_COMPILER_APPICON_NAME = AppIcon;
				ASSETCATALOG_COMPILER_GLOBAL_ACCENT_COLOR_NAME = AccentColor;
				CODE_SIGN_STYLE = Automatic;
				CURRENT_PROJECT_VERSION = 1;
				DEVELOPMENT_TEAM = 8B29PPTYV5;
				GENERATE_INFOPLIST_FILE = YES;
				INFOPLIST_FILE = VKFeed/Info.plist;
				INFOPLIST_KEY_UIApplicationSupportsIndirectInputEvents = YES;
				INFOPLIST_KEY_UILaunchStoryboardName = LaunchScreen;
				INFOPLIST_KEY_UIMainStoryboardFile = Main;
				INFOPLIST_KEY_UISupportedInterfaceOrientations_iPad = "UIInterfaceOrientationPortrait UIInterfaceOrientationPortraitUpsideDown UIInterfaceOrientationLandscapeLeft UIInterfaceOrientationLandscapeRight";
				INFOPLIST_KEY_UISupportedInterfaceOrientations_iPhone = "UIInterfaceOrientationPortrait UIInterfaceOrientationLandscapeLeft UIInterfaceOrientationLandscapeRight";
				LD_RUNPATH_SEARCH_PATHS = (
					"$(inherited)",
					"@executable_path/Frameworks",
				);
				MARKETING_VERSION = 1.0;
				PRODUCT_BUNDLE_IDENTIFIER = com.myorganization.VKFeed;
				PRODUCT_NAME = "$(TARGET_NAME)";
				SWIFT_EMIT_LOC_STRINGS = YES;
				SWIFT_VERSION = 5.0;
				TARGETED_DEVICE_FAMILY = "1,2";
			};
			name = Debug;
		};
		AD7FE04A28C61454000BB520 /* Release */ = {
			isa = XCBuildConfiguration;
			baseConfigurationReference = 99DA78A02287BC43A8A35DAA /* Pods-VKFeed.release.xcconfig */;
			buildSettings = {
				ASSETCATALOG_COMPILER_APPICON_NAME = AppIcon;
				ASSETCATALOG_COMPILER_GLOBAL_ACCENT_COLOR_NAME = AccentColor;
				CODE_SIGN_STYLE = Automatic;
				CURRENT_PROJECT_VERSION = 1;
				DEVELOPMENT_TEAM = 8B29PPTYV5;
				GENERATE_INFOPLIST_FILE = YES;
				INFOPLIST_FILE = VKFeed/Info.plist;
				INFOPLIST_KEY_UIApplicationSupportsIndirectInputEvents = YES;
				INFOPLIST_KEY_UILaunchStoryboardName = LaunchScreen;
				INFOPLIST_KEY_UIMainStoryboardFile = Main;
				INFOPLIST_KEY_UISupportedInterfaceOrientations_iPad = "UIInterfaceOrientationPortrait UIInterfaceOrientationPortraitUpsideDown UIInterfaceOrientationLandscapeLeft UIInterfaceOrientationLandscapeRight";
				INFOPLIST_KEY_UISupportedInterfaceOrientations_iPhone = "UIInterfaceOrientationPortrait UIInterfaceOrientationLandscapeLeft UIInterfaceOrientationLandscapeRight";
				LD_RUNPATH_SEARCH_PATHS = (
					"$(inherited)",
					"@executable_path/Frameworks",
				);
				MARKETING_VERSION = 1.0;
				PRODUCT_BUNDLE_IDENTIFIER = com.myorganization.VKFeed;
				PRODUCT_NAME = "$(TARGET_NAME)";
				SWIFT_EMIT_LOC_STRINGS = YES;
				SWIFT_VERSION = 5.0;
				TARGETED_DEVICE_FAMILY = "1,2";
			};
			name = Release;
		};
/* End XCBuildConfiguration section */

/* Begin XCConfigurationList section */
		AD7FE02F28C61452000BB520 /* Build configuration list for PBXProject "VKFeed" */ = {
			isa = XCConfigurationList;
			buildConfigurations = (
				AD7FE04628C61454000BB520 /* Debug */,
				AD7FE04728C61454000BB520 /* Release */,
			);
			defaultConfigurationIsVisible = 0;
			defaultConfigurationName = Release;
		};
		AD7FE04828C61454000BB520 /* Build configuration list for PBXNativeTarget "VKFeed" */ = {
			isa = XCConfigurationList;
			buildConfigurations = (
				AD7FE04928C61454000BB520 /* Debug */,
				AD7FE04A28C61454000BB520 /* Release */,
			);
			defaultConfigurationIsVisible = 0;
			defaultConfigurationName = Release;
		};
/* End XCConfigurationList section */
	};
	rootObject = AD7FE02C28C61452000BB520 /* Project object */;
}
