// !$*UTF8*$!
{
	archiveVersion = 1;
	classes = {
	};
	objectVersion = 55;
	objects = {

/* Begin PBXBuildFile section */
		049B8EA5214F248124A23B8B /* Pods_VKFeed.framework in Frameworks */ = {isa = PBXBuildFile; fileRef = BE85C7C99B918032DDEA1432 /* Pods_VKFeed.framework */; };
		AD06486F28CF6C2600393F6D /* VKDataModels.swift in Sources */ = {isa = PBXBuildFile; fileRef = AD06486E28CF6C2600393F6D /* VKDataModels.swift */; };
		AD06487128CF6FEE00393F6D /* FriendTableViewCell.swift in Sources */ = {isa = PBXBuildFile; fileRef = AD06487028CF6FEE00393F6D /* FriendTableViewCell.swift */; };
		AD06487628CF71ED00393F6D /* UIImageLoadExtension.swift in Sources */ = {isa = PBXBuildFile; fileRef = AD06487528CF71ED00393F6D /* UIImageLoadExtension.swift */; };
		AD06487928CF732C00393F6D /* AppErrors.swift in Sources */ = {isa = PBXBuildFile; fileRef = AD06487828CF732C00393F6D /* AppErrors.swift */; };
		AD06487B28CF759100393F6D /* UserStruct.swift in Sources */ = {isa = PBXBuildFile; fileRef = AD06487A28CF759100393F6D /* UserStruct.swift */; };
		AD06487D28CF766200393F6D /* FriendsAdapter.swift in Sources */ = {isa = PBXBuildFile; fileRef = AD06487C28CF766200393F6D /* FriendsAdapter.swift */; };
		AD06488128CF79AA00393F6D /* PhotoService.swift in Sources */ = {isa = PBXBuildFile; fileRef = AD06488028CF79AA00393F6D /* PhotoService.swift */; };
		AD7FE03828C61452000BB520 /* AppDelegate.swift in Sources */ = {isa = PBXBuildFile; fileRef = AD7FE03728C61452000BB520 /* AppDelegate.swift */; };
		AD7FE03A28C61452000BB520 /* SceneDelegate.swift in Sources */ = {isa = PBXBuildFile; fileRef = AD7FE03928C61452000BB520 /* SceneDelegate.swift */; };
		AD7FE03F28C61452000BB520 /* Main.storyboard in Resources */ = {isa = PBXBuildFile; fileRef = AD7FE03D28C61452000BB520 /* Main.storyboard */; };
		AD7FE04128C61454000BB520 /* Assets.xcassets in Resources */ = {isa = PBXBuildFile; fileRef = AD7FE04028C61454000BB520 /* Assets.xcassets */; };
		AD7FE04428C61454000BB520 /* LaunchScreen.storyboard in Resources */ = {isa = PBXBuildFile; fileRef = AD7FE04228C61454000BB520 /* LaunchScreen.storyboard */; };
		AD7FE04F28C774B5000BB520 /* WebViewController.swift in Sources */ = {isa = PBXBuildFile; fileRef = AD7FE04E28C774B5000BB520 /* WebViewController.swift */; };
		AD7FE05128C77554000BB520 /* SessionSingleton.swift in Sources */ = {isa = PBXBuildFile; fileRef = AD7FE05028C77554000BB520 /* SessionSingleton.swift */; };
		AD7FE05328C775BA000BB520 /* MainTabBarController.swift in Sources */ = {isa = PBXBuildFile; fileRef = AD7FE05228C775BA000BB520 /* MainTabBarController.swift */; };
		AD7FE05528C7785A000BB520 /* FriendsViewController.swift in Sources */ = {isa = PBXBuildFile; fileRef = AD7FE05428C7785A000BB520 /* FriendsViewController.swift */; };
		AD7FE05828C77D8A000BB520 /* VKService.swift in Sources */ = {isa = PBXBuildFile; fileRef = AD7FE05728C77D8A000BB520 /* VKService.swift */; };
		AD8C953828D632DE0079C5B1 /* RealmCacheService.swift in Sources */ = {isa = PBXBuildFile; fileRef = AD8C953728D632DE0079C5B1 /* RealmCacheService.swift */; };
		AD929DA528D66D370083F058 /* GroupViewController.swift in Sources */ = {isa = PBXBuildFile; fileRef = AD929DA428D66D370083F058 /* GroupViewController.swift */; };
		AD929DA728D6745B0083F058 /* GroupAdapter.swift in Sources */ = {isa = PBXBuildFile; fileRef = AD929DA628D6745B0083F058 /* GroupAdapter.swift */; };
		AD929DA928D676310083F058 /* GroupStruct.swift in Sources */ = {isa = PBXBuildFile; fileRef = AD929DA828D676310083F058 /* GroupStruct.swift */; };
		AD929DAB28D679450083F058 /* GroupTableViewCell.swift in Sources */ = {isa = PBXBuildFile; fileRef = AD929DAA28D679450083F058 /* GroupTableViewCell.swift */; };
		AD929DB528DB7E8B0083F058 /* NewsViewController.swift in Sources */ = {isa = PBXBuildFile; fileRef = AD929DB428DB7E8B0083F058 /* NewsViewController.swift */; };
		AD929DB728DB7EB40083F058 /* NewsStruct.swift in Sources */ = {isa = PBXBuildFile; fileRef = AD929DB628DB7EB40083F058 /* NewsStruct.swift */; };
		AD929DDB28DB80BF0083F058 /* AuthorTableViewCell.swift in Sources */ = {isa = PBXBuildFile; fileRef = AD929DD928DB80BF0083F058 /* AuthorTableViewCell.swift */; };
		AD929DDC28DB80BF0083F058 /* AuthorTableViewCell.xib in Resources */ = {isa = PBXBuildFile; fileRef = AD929DDA28DB80BF0083F058 /* AuthorTableViewCell.xib */; };
		AD929DDF28DB80D20083F058 /* TextTableViewCell.swift in Sources */ = {isa = PBXBuildFile; fileRef = AD929DDD28DB80D20083F058 /* TextTableViewCell.swift */; };
		AD929DE028DB80D20083F058 /* TextTableViewCell.xib in Resources */ = {isa = PBXBuildFile; fileRef = AD929DDE28DB80D20083F058 /* TextTableViewCell.xib */; };
		AD929DE328DB80E10083F058 /* PhotoTableViewCell.swift in Sources */ = {isa = PBXBuildFile; fileRef = AD929DE128DB80E10083F058 /* PhotoTableViewCell.swift */; };
		AD929DE428DB80E10083F058 /* PhotoTableViewCell.xib in Resources */ = {isa = PBXBuildFile; fileRef = AD929DE228DB80E10083F058 /* PhotoTableViewCell.xib */; };
		AD929DE728DB80FA0083F058 /* LikeTableViewCell.swift in Sources */ = {isa = PBXBuildFile; fileRef = AD929DE528DB80FA0083F058 /* LikeTableViewCell.swift */; };
		AD929DE828DB80FA0083F058 /* LikeTableViewCell.xib in Resources */ = {isa = PBXBuildFile; fileRef = AD929DE628DB80FA0083F058 /* LikeTableViewCell.xib */; };
		ADB3858828D3ADBA004D1D93 /* PhotoStruct.swift in Sources */ = {isa = PBXBuildFile; fileRef = ADB3858728D3ADBA004D1D93 /* PhotoStruct.swift */; };
		ADB3858A28D3B287004D1D93 /* BigPhotoViewController.swift in Sources */ = {isa = PBXBuildFile; fileRef = ADB3858928D3B287004D1D93 /* BigPhotoViewController.swift */; };
		ADB703C628DD09F100573154 /* GoogleService-Info.plist in Resources */ = {isa = PBXBuildFile; fileRef = ADB703C528DD09F100573154 /* GoogleService-Info.plist */; };
		ADB703C928DD0A7B00573154 /* FirebaseAnalytics in Frameworks */ = {isa = PBXBuildFile; productRef = ADB703C828DD0A7B00573154 /* FirebaseAnalytics */; };
		ADB703CB28DD0A7B00573154 /* FirebaseAnalyticsOnDeviceConversion in Frameworks */ = {isa = PBXBuildFile; productRef = ADB703CA28DD0A7B00573154 /* FirebaseAnalyticsOnDeviceConversion */; };
		ADB703CD28DD0A7B00573154 /* FirebaseAnalyticsSwift in Frameworks */ = {isa = PBXBuildFile; productRef = ADB703CC28DD0A7B00573154 /* FirebaseAnalyticsSwift */; };
		ADB703CF28DD0A7B00573154 /* FirebaseAnalyticsWithoutAdIdSupport in Frameworks */ = {isa = PBXBuildFile; productRef = ADB703CE28DD0A7B00573154 /* FirebaseAnalyticsWithoutAdIdSupport */; };
		ADB703D128DD0A7B00573154 /* FirebaseAppCheck in Frameworks */ = {isa = PBXBuildFile; productRef = ADB703D028DD0A7B00573154 /* FirebaseAppCheck */; };
		ADB703D328DD0A7B00573154 /* FirebaseAppDistribution-Beta in Frameworks */ = {isa = PBXBuildFile; productRef = ADB703D228DD0A7B00573154 /* FirebaseAppDistribution-Beta */; };
		ADB703D528DD0A7B00573154 /* FirebaseAuth in Frameworks */ = {isa = PBXBuildFile; productRef = ADB703D428DD0A7B00573154 /* FirebaseAuth */; };
		ADB703D728DD0A7B00573154 /* FirebaseAuthCombine-Community in Frameworks */ = {isa = PBXBuildFile; productRef = ADB703D628DD0A7B00573154 /* FirebaseAuthCombine-Community */; };
		ADB703D928DD0A7B00573154 /* FirebaseCrashlytics in Frameworks */ = {isa = PBXBuildFile; productRef = ADB703D828DD0A7B00573154 /* FirebaseCrashlytics */; };
		ADB703DB28DD0A7B00573154 /* FirebaseDatabase in Frameworks */ = {isa = PBXBuildFile; productRef = ADB703DA28DD0A7B00573154 /* FirebaseDatabase */; };
		ADB703DD28DD0A7B00573154 /* FirebaseDatabaseSwift in Frameworks */ = {isa = PBXBuildFile; productRef = ADB703DC28DD0A7B00573154 /* FirebaseDatabaseSwift */; };
		ADB703DF28DD0A7B00573154 /* FirebaseDynamicLinks in Frameworks */ = {isa = PBXBuildFile; productRef = ADB703DE28DD0A7B00573154 /* FirebaseDynamicLinks */; };
		ADB703E128DD0A7B00573154 /* FirebaseFirestore in Frameworks */ = {isa = PBXBuildFile; productRef = ADB703E028DD0A7B00573154 /* FirebaseFirestore */; };
		ADB703E328DD0A7B00573154 /* FirebaseFirestoreCombine-Community in Frameworks */ = {isa = PBXBuildFile; productRef = ADB703E228DD0A7B00573154 /* FirebaseFirestoreCombine-Community */; };
		ADB703E528DD0A7B00573154 /* FirebaseFirestoreSwift in Frameworks */ = {isa = PBXBuildFile; productRef = ADB703E428DD0A7B00573154 /* FirebaseFirestoreSwift */; };
		ADB703E728DD0A7B00573154 /* FirebaseFunctions in Frameworks */ = {isa = PBXBuildFile; productRef = ADB703E628DD0A7B00573154 /* FirebaseFunctions */; };
		ADB703E928DD0A7B00573154 /* FirebaseFunctionsCombine-Community in Frameworks */ = {isa = PBXBuildFile; productRef = ADB703E828DD0A7B00573154 /* FirebaseFunctionsCombine-Community */; };
		ADB703EB28DD0A7B00573154 /* FirebaseInAppMessaging-Beta in Frameworks */ = {isa = PBXBuildFile; productRef = ADB703EA28DD0A7B00573154 /* FirebaseInAppMessaging-Beta */; };
		ADB703ED28DD0A7B00573154 /* FirebaseInAppMessagingSwift-Beta in Frameworks */ = {isa = PBXBuildFile; productRef = ADB703EC28DD0A7B00573154 /* FirebaseInAppMessagingSwift-Beta */; };
		ADB703EF28DD0A7B00573154 /* FirebaseInstallations in Frameworks */ = {isa = PBXBuildFile; productRef = ADB703EE28DD0A7B00573154 /* FirebaseInstallations */; };
		ADB703F128DD0A7B00573154 /* FirebaseMLModelDownloader in Frameworks */ = {isa = PBXBuildFile; productRef = ADB703F028DD0A7B00573154 /* FirebaseMLModelDownloader */; };
		ADB703F328DD0A7B00573154 /* FirebaseMessaging in Frameworks */ = {isa = PBXBuildFile; productRef = ADB703F228DD0A7B00573154 /* FirebaseMessaging */; };
		ADB703F528DD0A7B00573154 /* FirebasePerformance in Frameworks */ = {isa = PBXBuildFile; productRef = ADB703F428DD0A7B00573154 /* FirebasePerformance */; };
		ADB703F728DD0A7B00573154 /* FirebaseRemoteConfig in Frameworks */ = {isa = PBXBuildFile; productRef = ADB703F628DD0A7B00573154 /* FirebaseRemoteConfig */; };
		ADB703F928DD0A7B00573154 /* FirebaseRemoteConfigSwift in Frameworks */ = {isa = PBXBuildFile; productRef = ADB703F828DD0A7B00573154 /* FirebaseRemoteConfigSwift */; };
		ADB703FB28DD0A7B00573154 /* FirebaseStorage in Frameworks */ = {isa = PBXBuildFile; productRef = ADB703FA28DD0A7B00573154 /* FirebaseStorage */; };
		ADB703FD28DD0A7B00573154 /* FirebaseStorageCombine-Community in Frameworks */ = {isa = PBXBuildFile; productRef = ADB703FC28DD0A7B00573154 /* FirebaseStorageCombine-Community */; };
		ADB703FF28DD0EC200573154 /* FirebaseCommunity.swift in Sources */ = {isa = PBXBuildFile; fileRef = ADB703FE28DD0EC200573154 /* FirebaseCommunity.swift */; };
		ADB7040228DD11A200573154 /* StringSymbolRemove.swift in Sources */ = {isa = PBXBuildFile; fileRef = ADB7040128DD11A200573154 /* StringSymbolRemove.swift */; };
		ADFF3E4D28D140A8008A5C41 /* ShadowView.swift in Sources */ = {isa = PBXBuildFile; fileRef = ADFF3E4C28D140A8008A5C41 /* ShadowView.swift */; };
		ADFF3E5028D14680008A5C41 /* FriendsPhotosCollectionViewController.swift in Sources */ = {isa = PBXBuildFile; fileRef = ADFF3E4F28D14680008A5C41 /* FriendsPhotosCollectionViewController.swift */; };
		ADFF3E5228D146D3008A5C41 /* PhotoCollectionViewCell.swift in Sources */ = {isa = PBXBuildFile; fileRef = ADFF3E5128D146D3008A5C41 /* PhotoCollectionViewCell.swift */; };
		ADFF3E5428D14700008A5C41 /* LikeControl.swift in Sources */ = {isa = PBXBuildFile; fileRef = ADFF3E5328D14700008A5C41 /* LikeControl.swift */; };
/* End PBXBuildFile section */

/* Begin PBXFileReference section */
		322771861DBDCBB48063EF74 /* Pods-VKFeed.debug.xcconfig */ = {isa = PBXFileReference; includeInIndex = 1; lastKnownFileType = text.xcconfig; name = "Pods-VKFeed.debug.xcconfig"; path = "Target Support Files/Pods-VKFeed/Pods-VKFeed.debug.xcconfig"; sourceTree = "<group>"; };
		99DA78A02287BC43A8A35DAA /* Pods-VKFeed.release.xcconfig */ = {isa = PBXFileReference; includeInIndex = 1; lastKnownFileType = text.xcconfig; name = "Pods-VKFeed.release.xcconfig"; path = "Target Support Files/Pods-VKFeed/Pods-VKFeed.release.xcconfig"; sourceTree = "<group>"; };
		AD06486E28CF6C2600393F6D /* VKDataModels.swift */ = {isa = PBXFileReference; lastKnownFileType = sourcecode.swift; path = VKDataModels.swift; sourceTree = "<group>"; };
		AD06487028CF6FEE00393F6D /* FriendTableViewCell.swift */ = {isa = PBXFileReference; lastKnownFileType = sourcecode.swift; path = FriendTableViewCell.swift; sourceTree = "<group>"; };
		AD06487528CF71ED00393F6D /* UIImageLoadExtension.swift */ = {isa = PBXFileReference; lastKnownFileType = sourcecode.swift; path = UIImageLoadExtension.swift; sourceTree = "<group>"; };
		AD06487828CF732C00393F6D /* AppErrors.swift */ = {isa = PBXFileReference; lastKnownFileType = sourcecode.swift; path = AppErrors.swift; sourceTree = "<group>"; };
		AD06487A28CF759100393F6D /* UserStruct.swift */ = {isa = PBXFileReference; lastKnownFileType = sourcecode.swift; path = UserStruct.swift; sourceTree = "<group>"; };
		AD06487C28CF766200393F6D /* FriendsAdapter.swift */ = {isa = PBXFileReference; lastKnownFileType = sourcecode.swift; path = FriendsAdapter.swift; sourceTree = "<group>"; };
		AD06488028CF79AA00393F6D /* PhotoService.swift */ = {isa = PBXFileReference; lastKnownFileType = sourcecode.swift; path = PhotoService.swift; sourceTree = "<group>"; };
		AD7FE03428C61452000BB520 /* VKFeed.app */ = {isa = PBXFileReference; explicitFileType = wrapper.application; includeInIndex = 0; path = VKFeed.app; sourceTree = BUILT_PRODUCTS_DIR; };
		AD7FE03728C61452000BB520 /* AppDelegate.swift */ = {isa = PBXFileReference; lastKnownFileType = sourcecode.swift; path = AppDelegate.swift; sourceTree = "<group>"; };
		AD7FE03928C61452000BB520 /* SceneDelegate.swift */ = {isa = PBXFileReference; lastKnownFileType = sourcecode.swift; path = SceneDelegate.swift; sourceTree = "<group>"; };
		AD7FE03E28C61452000BB520 /* Base */ = {isa = PBXFileReference; lastKnownFileType = file.storyboard; name = Base; path = Base.lproj/Main.storyboard; sourceTree = "<group>"; };
		AD7FE04028C61454000BB520 /* Assets.xcassets */ = {isa = PBXFileReference; lastKnownFileType = folder.assetcatalog; path = Assets.xcassets; sourceTree = "<group>"; };
		AD7FE04328C61454000BB520 /* Base */ = {isa = PBXFileReference; lastKnownFileType = file.storyboard; name = Base; path = Base.lproj/LaunchScreen.storyboard; sourceTree = "<group>"; };
		AD7FE04528C61454000BB520 /* Info.plist */ = {isa = PBXFileReference; lastKnownFileType = text.plist.xml; path = Info.plist; sourceTree = "<group>"; };
		AD7FE04E28C774B5000BB520 /* WebViewController.swift */ = {isa = PBXFileReference; lastKnownFileType = sourcecode.swift; path = WebViewController.swift; sourceTree = "<group>"; };
		AD7FE05028C77554000BB520 /* SessionSingleton.swift */ = {isa = PBXFileReference; lastKnownFileType = sourcecode.swift; path = SessionSingleton.swift; sourceTree = "<group>"; };
		AD7FE05228C775BA000BB520 /* MainTabBarController.swift */ = {isa = PBXFileReference; lastKnownFileType = sourcecode.swift; path = MainTabBarController.swift; sourceTree = "<group>"; };
		AD7FE05428C7785A000BB520 /* FriendsViewController.swift */ = {isa = PBXFileReference; lastKnownFileType = sourcecode.swift; path = FriendsViewController.swift; sourceTree = "<group>"; };
		AD7FE05728C77D8A000BB520 /* VKService.swift */ = {isa = PBXFileReference; lastKnownFileType = sourcecode.swift; path = VKService.swift; sourceTree = "<group>"; };
		AD8C953728D632DE0079C5B1 /* RealmCacheService.swift */ = {isa = PBXFileReference; lastKnownFileType = sourcecode.swift; path = RealmCacheService.swift; sourceTree = "<group>"; };
		AD929DA428D66D370083F058 /* GroupViewController.swift */ = {isa = PBXFileReference; lastKnownFileType = sourcecode.swift; path = GroupViewController.swift; sourceTree = "<group>"; };
		AD929DA628D6745B0083F058 /* GroupAdapter.swift */ = {isa = PBXFileReference; lastKnownFileType = sourcecode.swift; path = GroupAdapter.swift; sourceTree = "<group>"; };
		AD929DA828D676310083F058 /* GroupStruct.swift */ = {isa = PBXFileReference; lastKnownFileType = sourcecode.swift; path = GroupStruct.swift; sourceTree = "<group>"; };
		AD929DAA28D679450083F058 /* GroupTableViewCell.swift */ = {isa = PBXFileReference; lastKnownFileType = sourcecode.swift; path = GroupTableViewCell.swift; sourceTree = "<group>"; };
		AD929DB428DB7E8B0083F058 /* NewsViewController.swift */ = {isa = PBXFileReference; lastKnownFileType = sourcecode.swift; path = NewsViewController.swift; sourceTree = "<group>"; };
		AD929DB628DB7EB40083F058 /* NewsStruct.swift */ = {isa = PBXFileReference; lastKnownFileType = sourcecode.swift; path = NewsStruct.swift; sourceTree = "<group>"; };
		AD929DD928DB80BF0083F058 /* AuthorTableViewCell.swift */ = {isa = PBXFileReference; lastKnownFileType = sourcecode.swift; path = AuthorTableViewCell.swift; sourceTree = "<group>"; };
		AD929DDA28DB80BF0083F058 /* AuthorTableViewCell.xib */ = {isa = PBXFileReference; lastKnownFileType = file.xib; path = AuthorTableViewCell.xib; sourceTree = "<group>"; };
		AD929DDD28DB80D20083F058 /* TextTableViewCell.swift */ = {isa = PBXFileReference; lastKnownFileType = sourcecode.swift; path = TextTableViewCell.swift; sourceTree = "<group>"; };
		AD929DDE28DB80D20083F058 /* TextTableViewCell.xib */ = {isa = PBXFileReference; lastKnownFileType = file.xib; path = TextTableViewCell.xib; sourceTree = "<group>"; };
		AD929DE128DB80E10083F058 /* PhotoTableViewCell.swift */ = {isa = PBXFileReference; lastKnownFileType = sourcecode.swift; path = PhotoTableViewCell.swift; sourceTree = "<group>"; };
		AD929DE228DB80E10083F058 /* PhotoTableViewCell.xib */ = {isa = PBXFileReference; lastKnownFileType = file.xib; path = PhotoTableViewCell.xib; sourceTree = "<group>"; };
		AD929DE528DB80FA0083F058 /* LikeTableViewCell.swift */ = {isa = PBXFileReference; lastKnownFileType = sourcecode.swift; path = LikeTableViewCell.swift; sourceTree = "<group>"; };
		AD929DE628DB80FA0083F058 /* LikeTableViewCell.xib */ = {isa = PBXFileReference; lastKnownFileType = file.xib; path = LikeTableViewCell.xib; sourceTree = "<group>"; };
		ADB3858728D3ADBA004D1D93 /* PhotoStruct.swift */ = {isa = PBXFileReference; lastKnownFileType = sourcecode.swift; path = PhotoStruct.swift; sourceTree = "<group>"; };
		ADB3858928D3B287004D1D93 /* BigPhotoViewController.swift */ = {isa = PBXFileReference; lastKnownFileType = sourcecode.swift; path = BigPhotoViewController.swift; sourceTree = "<group>"; };
		ADB703C528DD09F100573154 /* GoogleService-Info.plist */ = {isa = PBXFileReference; fileEncoding = 4; lastKnownFileType = text.plist.xml; path = "GoogleService-Info.plist"; sourceTree = "<group>"; };
		ADB703FE28DD0EC200573154 /* FirebaseCommunity.swift */ = {isa = PBXFileReference; lastKnownFileType = sourcecode.swift; path = FirebaseCommunity.swift; sourceTree = "<group>"; };
		ADB7040128DD11A200573154 /* StringSymbolRemove.swift */ = {isa = PBXFileReference; lastKnownFileType = sourcecode.swift; path = StringSymbolRemove.swift; sourceTree = "<group>"; };
		ADFF3E4C28D140A8008A5C41 /* ShadowView.swift */ = {isa = PBXFileReference; lastKnownFileType = sourcecode.swift; path = ShadowView.swift; sourceTree = "<group>"; };
		ADFF3E4F28D14680008A5C41 /* FriendsPhotosCollectionViewController.swift */ = {isa = PBXFileReference; lastKnownFileType = sourcecode.swift; path = FriendsPhotosCollectionViewController.swift; sourceTree = "<group>"; };
		ADFF3E5128D146D3008A5C41 /* PhotoCollectionViewCell.swift */ = {isa = PBXFileReference; lastKnownFileType = sourcecode.swift; path = PhotoCollectionViewCell.swift; sourceTree = "<group>"; };
		ADFF3E5328D14700008A5C41 /* LikeControl.swift */ = {isa = PBXFileReference; lastKnownFileType = sourcecode.swift; path = LikeControl.swift; sourceTree = "<group>"; };
		BE85C7C99B918032DDEA1432 /* Pods_VKFeed.framework */ = {isa = PBXFileReference; explicitFileType = wrapper.framework; includeInIndex = 0; path = Pods_VKFeed.framework; sourceTree = BUILT_PRODUCTS_DIR; };
/* End PBXFileReference section */

/* Begin PBXFrameworksBuildPhase section */
		AD7FE03128C61452000BB520 /* Frameworks */ = {
			isa = PBXFrameworksBuildPhase;
			buildActionMask = 2147483647;
			files = (
				ADB703E728DD0A7B00573154 /* FirebaseFunctions in Frameworks */,
				ADB703DD28DD0A7B00573154 /* FirebaseDatabaseSwift in Frameworks */,
				ADB703ED28DD0A7B00573154 /* FirebaseInAppMessagingSwift-Beta in Frameworks */,
				ADB703F328DD0A7B00573154 /* FirebaseMessaging in Frameworks */,
				ADB703D328DD0A7B00573154 /* FirebaseAppDistribution-Beta in Frameworks */,
				ADB703D728DD0A7B00573154 /* FirebaseAuthCombine-Community in Frameworks */,
				ADB703E328DD0A7B00573154 /* FirebaseFirestoreCombine-Community in Frameworks */,
				ADB703CD28DD0A7B00573154 /* FirebaseAnalyticsSwift in Frameworks */,
				ADB703F128DD0A7B00573154 /* FirebaseMLModelDownloader in Frameworks */,
				ADB703CF28DD0A7B00573154 /* FirebaseAnalyticsWithoutAdIdSupport in Frameworks */,
				ADB703C928DD0A7B00573154 /* FirebaseAnalytics in Frameworks */,
				ADB703E528DD0A7B00573154 /* FirebaseFirestoreSwift in Frameworks */,
				ADB703CB28DD0A7B00573154 /* FirebaseAnalyticsOnDeviceConversion in Frameworks */,
				ADB703D128DD0A7B00573154 /* FirebaseAppCheck in Frameworks */,
				ADB703F528DD0A7B00573154 /* FirebasePerformance in Frameworks */,
				ADB703EB28DD0A7B00573154 /* FirebaseInAppMessaging-Beta in Frameworks */,
				ADB703E928DD0A7B00573154 /* FirebaseFunctionsCombine-Community in Frameworks */,
				ADB703D928DD0A7B00573154 /* FirebaseCrashlytics in Frameworks */,
				ADB703EF28DD0A7B00573154 /* FirebaseInstallations in Frameworks */,
				ADB703F728DD0A7B00573154 /* FirebaseRemoteConfig in Frameworks */,
				ADB703FB28DD0A7B00573154 /* FirebaseStorage in Frameworks */,
				ADB703DB28DD0A7B00573154 /* FirebaseDatabase in Frameworks */,
				ADB703FD28DD0A7B00573154 /* FirebaseStorageCombine-Community in Frameworks */,
				049B8EA5214F248124A23B8B /* Pods_VKFeed.framework in Frameworks */,
				ADB703D528DD0A7B00573154 /* FirebaseAuth in Frameworks */,
				ADB703DF28DD0A7B00573154 /* FirebaseDynamicLinks in Frameworks */,
				ADB703E128DD0A7B00573154 /* FirebaseFirestore in Frameworks */,
				ADB703F928DD0A7B00573154 /* FirebaseRemoteConfigSwift in Frameworks */,
			);
			runOnlyForDeploymentPostprocessing = 0;
		};
/* End PBXFrameworksBuildPhase section */

/* Begin PBXGroup section */
		18539192076D1034E5D94807 /* Frameworks */ = {
			isa = PBXGroup;
			children = (
				BE85C7C99B918032DDEA1432 /* Pods_VKFeed.framework */,
			);
			name = Frameworks;
			sourceTree = "<group>";
		};
		AD06487228CF71C500393F6D /* Helpers */ = {
			isa = PBXGroup;
			children = (
				AD06487528CF71ED00393F6D /* UIImageLoadExtension.swift */,
				AD06487828CF732C00393F6D /* AppErrors.swift */,
				AD8C953728D632DE0079C5B1 /* RealmCacheService.swift */,
				AD06487C28CF766200393F6D /* FriendsAdapter.swift */,
				AD929DA628D6745B0083F058 /* GroupAdapter.swift */,
				ADB703FE28DD0EC200573154 /* FirebaseCommunity.swift */,
				ADB7040128DD11A200573154 /* StringSymbolRemove.swift */,
			);
			path = Helpers;
			sourceTree = "<group>";
		};
		AD06487728CF721100393F6D /* FriendViewController */ = {
			isa = PBXGroup;
			children = (
				ADFF3E4E28D1464F008A5C41 /* FriendsPhotosCollection */,
				AD7FE05428C7785A000BB520 /* FriendsViewController.swift */,
				AD06487028CF6FEE00393F6D /* FriendTableViewCell.swift */,
				ADFF3E4C28D140A8008A5C41 /* ShadowView.swift */,
			);
			path = FriendViewController;
			sourceTree = "<group>";
		};
		AD7FE02B28C61452000BB520 = {
			isa = PBXGroup;
			children = (
				AD7FE03628C61452000BB520 /* VKFeed */,
				AD7FE03528C61452000BB520 /* Products */,
				FFE9A3093BD40C3996C3B7F3 /* Pods */,
				18539192076D1034E5D94807 /* Frameworks */,
			);
			sourceTree = "<group>";
		};
		AD7FE03528C61452000BB520 /* Products */ = {
			isa = PBXGroup;
			children = (
				AD7FE03428C61452000BB520 /* VKFeed.app */,
			);
			name = Products;
			sourceTree = "<group>";
		};
		AD7FE03628C61452000BB520 /* VKFeed */ = {
			isa = PBXGroup;
			children = (
				AD06487228CF71C500393F6D /* Helpers */,
				AD7FE04D28C77425000BB520 /* Model */,
				AD7FE04B28C77406000BB520 /* View */,
				AD7FE04C28C7741A000BB520 /* Controller */,
				AD7FE03728C61452000BB520 /* AppDelegate.swift */,
				AD7FE03928C61452000BB520 /* SceneDelegate.swift */,
				AD7FE04028C61454000BB520 /* Assets.xcassets */,
				ADB703C528DD09F100573154 /* GoogleService-Info.plist */,
				AD7FE04228C61454000BB520 /* LaunchScreen.storyboard */,
				AD7FE04528C61454000BB520 /* Info.plist */,
			);
			path = VKFeed;
			sourceTree = "<group>";
		};
		AD7FE04B28C77406000BB520 /* View */ = {
			isa = PBXGroup;
			children = (
				AD929DE928DC8D570083F058 /* NewsCellsXibs */,
				AD7FE03D28C61452000BB520 /* Main.storyboard */,
			);
			path = View;
			sourceTree = "<group>";
		};
		AD7FE04C28C7741A000BB520 /* Controller */ = {
			isa = PBXGroup;
			children = (
				AD929DAC28DB7D520083F058 /* NewsViewController */,
				AD929DA328D66D1B0083F058 /* GroupViewController */,
				AD06487728CF721100393F6D /* FriendViewController */,
				AD7FE04E28C774B5000BB520 /* WebViewController.swift */,
				AD7FE05228C775BA000BB520 /* MainTabBarController.swift */,
			);
			path = Controller;
			sourceTree = "<group>";
		};
		AD7FE04D28C77425000BB520 /* Model */ = {
			isa = PBXGroup;
			children = (
				AD7FE05628C77D6B000BB520 /* Service */,
				ADB3858728D3ADBA004D1D93 /* PhotoStruct.swift */,
				AD929DA828D676310083F058 /* GroupStruct.swift */,
				AD06486E28CF6C2600393F6D /* VKDataModels.swift */,
				AD7FE05028C77554000BB520 /* SessionSingleton.swift */,
				AD06487A28CF759100393F6D /* UserStruct.swift */,
				AD929DB628DB7EB40083F058 /* NewsStruct.swift */,
			);
			path = Model;
			sourceTree = "<group>";
		};
		AD7FE05628C77D6B000BB520 /* Service */ = {
			isa = PBXGroup;
			children = (
				AD06488028CF79AA00393F6D /* PhotoService.swift */,
				AD7FE05728C77D8A000BB520 /* VKService.swift */,
			);
			path = Service;
			sourceTree = "<group>";
		};
		AD929DA328D66D1B0083F058 /* GroupViewController */ = {
			isa = PBXGroup;
			children = (
				AD929DA428D66D370083F058 /* GroupViewController.swift */,
				AD929DAA28D679450083F058 /* GroupTableViewCell.swift */,
			);
			path = GroupViewController;
			sourceTree = "<group>";
		};
		AD929DAC28DB7D520083F058 /* NewsViewController */ = {
			isa = PBXGroup;
			children = (
				AD929DB428DB7E8B0083F058 /* NewsViewController.swift */,
				AD929DBA28DB7F510083F058 /* NewsCells */,
			);
			path = NewsViewController;
			sourceTree = "<group>";
		};
		AD929DBA28DB7F510083F058 /* NewsCells */ = {
			isa = PBXGroup;
			children = (
				AD929DD128DB800B0083F058 /* AuthorCell */,
				AD929DD228DB80180083F058 /* TextCell */,
				AD929DD328DB80350083F058 /* PhotoCell */,
				AD929DD428DB80460083F058 /* LikeCell */,
			);
			path = NewsCells;
			sourceTree = "<group>";
		};
		AD929DD128DB800B0083F058 /* AuthorCell */ = {
			isa = PBXGroup;
			children = (
				AD929DD928DB80BF0083F058 /* AuthorTableViewCell.swift */,
			);
			path = AuthorCell;
			sourceTree = "<group>";
		};
		AD929DD228DB80180083F058 /* TextCell */ = {
			isa = PBXGroup;
			children = (
				AD929DDD28DB80D20083F058 /* TextTableViewCell.swift */,
			);
			path = TextCell;
			sourceTree = "<group>";
		};
		AD929DD328DB80350083F058 /* PhotoCell */ = {
			isa = PBXGroup;
			children = (
				AD929DE128DB80E10083F058 /* PhotoTableViewCell.swift */,
			);
			path = PhotoCell;
			sourceTree = "<group>";
		};
		AD929DD428DB80460083F058 /* LikeCell */ = {
			isa = PBXGroup;
			children = (
				AD929DE528DB80FA0083F058 /* LikeTableViewCell.swift */,
			);
			path = LikeCell;
			sourceTree = "<group>";
		};
		AD929DE928DC8D570083F058 /* NewsCellsXibs */ = {
			isa = PBXGroup;
			children = (
				AD929DEA28DC8D660083F058 /* AuthorCell */,
				AD929DEB28DC8D700083F058 /* TextCell */,
				AD929DEC28DC8D7A0083F058 /* PhotoCell */,
				AD929DED28DC8D840083F058 /* LikeCell */,
			);
			path = NewsCellsXibs;
			sourceTree = "<group>";
		};
		AD929DEA28DC8D660083F058 /* AuthorCell */ = {
			isa = PBXGroup;
			children = (
				AD929DDA28DB80BF0083F058 /* AuthorTableViewCell.xib */,
			);
			path = AuthorCell;
			sourceTree = "<group>";
		};
		AD929DEB28DC8D700083F058 /* TextCell */ = {
			isa = PBXGroup;
			children = (
				AD929DDE28DB80D20083F058 /* TextTableViewCell.xib */,
			);
			path = TextCell;
			sourceTree = "<group>";
		};
		AD929DEC28DC8D7A0083F058 /* PhotoCell */ = {
			isa = PBXGroup;
			children = (
				AD929DE228DB80E10083F058 /* PhotoTableViewCell.xib */,
			);
			path = PhotoCell;
			sourceTree = "<group>";
		};
		AD929DED28DC8D840083F058 /* LikeCell */ = {
			isa = PBXGroup;
			children = (
				AD929DE628DB80FA0083F058 /* LikeTableViewCell.xib */,
			);
			path = LikeCell;
			sourceTree = "<group>";
		};
		ADB3858B28D3B28F004D1D93 /* BigPhotoViewController */ = {
			isa = PBXGroup;
			children = (
				ADB3858928D3B287004D1D93 /* BigPhotoViewController.swift */,
			);
			path = BigPhotoViewController;
			sourceTree = "<group>";
		};
		ADFF3E4E28D1464F008A5C41 /* FriendsPhotosCollection */ = {
			isa = PBXGroup;
			children = (
				ADB3858B28D3B28F004D1D93 /* BigPhotoViewController */,
				ADFF3E4F28D14680008A5C41 /* FriendsPhotosCollectionViewController.swift */,
				ADFF3E5128D146D3008A5C41 /* PhotoCollectionViewCell.swift */,
				ADFF3E5328D14700008A5C41 /* LikeControl.swift */,
			);
			path = FriendsPhotosCollection;
			sourceTree = "<group>";
		};
		FFE9A3093BD40C3996C3B7F3 /* Pods */ = {
			isa = PBXGroup;
			children = (
				322771861DBDCBB48063EF74 /* Pods-VKFeed.debug.xcconfig */,
				99DA78A02287BC43A8A35DAA /* Pods-VKFeed.release.xcconfig */,
			);
			path = Pods;
			sourceTree = "<group>";
		};
/* End PBXGroup section */

/* Begin PBXNativeTarget section */
		AD7FE03328C61452000BB520 /* VKFeed */ = {
			isa = PBXNativeTarget;
			buildConfigurationList = AD7FE04828C61454000BB520 /* Build configuration list for PBXNativeTarget "VKFeed" */;
			buildPhases = (
				5D6B22E9B13183E3711CCB98 /* [CP] Check Pods Manifest.lock */,
				AD7FE03028C61452000BB520 /* Sources */,
				AD7FE03128C61452000BB520 /* Frameworks */,
				AD7FE03228C61452000BB520 /* Resources */,
				601CFBE5D18624E5E301DD1D /* [CP] Embed Pods Frameworks */,
			);
			buildRules = (
			);
			dependencies = (
			);
			name = VKFeed;
			packageProductDependencies = (
				ADB703C828DD0A7B00573154 /* FirebaseAnalytics */,
				ADB703CA28DD0A7B00573154 /* FirebaseAnalyticsOnDeviceConversion */,
				ADB703CC28DD0A7B00573154 /* FirebaseAnalyticsSwift */,
				ADB703CE28DD0A7B00573154 /* FirebaseAnalyticsWithoutAdIdSupport */,
				ADB703D028DD0A7B00573154 /* FirebaseAppCheck */,
				ADB703D228DD0A7B00573154 /* FirebaseAppDistribution-Beta */,
				ADB703D428DD0A7B00573154 /* FirebaseAuth */,
				ADB703D628DD0A7B00573154 /* FirebaseAuthCombine-Community */,
				ADB703D828DD0A7B00573154 /* FirebaseCrashlytics */,
				ADB703DA28DD0A7B00573154 /* FirebaseDatabase */,
				ADB703DC28DD0A7B00573154 /* FirebaseDatabaseSwift */,
				ADB703DE28DD0A7B00573154 /* FirebaseDynamicLinks */,
				ADB703E028DD0A7B00573154 /* FirebaseFirestore */,
				ADB703E228DD0A7B00573154 /* FirebaseFirestoreCombine-Community */,
				ADB703E428DD0A7B00573154 /* FirebaseFirestoreSwift */,
				ADB703E628DD0A7B00573154 /* FirebaseFunctions */,
				ADB703E828DD0A7B00573154 /* FirebaseFunctionsCombine-Community */,
				ADB703EA28DD0A7B00573154 /* FirebaseInAppMessaging-Beta */,
				ADB703EC28DD0A7B00573154 /* FirebaseInAppMessagingSwift-Beta */,
				ADB703EE28DD0A7B00573154 /* FirebaseInstallations */,
				ADB703F028DD0A7B00573154 /* FirebaseMLModelDownloader */,
				ADB703F228DD0A7B00573154 /* FirebaseMessaging */,
				ADB703F428DD0A7B00573154 /* FirebasePerformance */,
				ADB703F628DD0A7B00573154 /* FirebaseRemoteConfig */,
				ADB703F828DD0A7B00573154 /* FirebaseRemoteConfigSwift */,
				ADB703FA28DD0A7B00573154 /* FirebaseStorage */,
				ADB703FC28DD0A7B00573154 /* FirebaseStorageCombine-Community */,
			);
			productName = VKFeed;
			productReference = AD7FE03428C61452000BB520 /* VKFeed.app */;
			productType = "com.apple.product-type.application";
		};
/* End PBXNativeTarget section */

/* Begin PBXProject section */
		AD7FE02C28C61452000BB520 /* Project object */ = {
			isa = PBXProject;
			attributes = {
				BuildIndependentTargetsInParallel = 1;
				LastSwiftUpdateCheck = 1340;
				LastUpgradeCheck = 1340;
				TargetAttributes = {
					AD7FE03328C61452000BB520 = {
						CreatedOnToolsVersion = 13.4.1;
					};
				};
			};
			buildConfigurationList = AD7FE02F28C61452000BB520 /* Build configuration list for PBXProject "VKFeed" */;
			compatibilityVersion = "Xcode 13.0";
			developmentRegion = en;
			hasScannedForEncodings = 0;
			knownRegions = (
				en,
				Base,
			);
			mainGroup = AD7FE02B28C61452000BB520;
			packageReferences = (
				ADB703C728DD0A7B00573154 /* XCRemoteSwiftPackageReference "firebase-ios-sdk" */,
			);
			productRefGroup = AD7FE03528C61452000BB520 /* Products */;
			projectDirPath = "";
			projectRoot = "";
			targets = (
				AD7FE03328C61452000BB520 /* VKFeed */,
			);
		};
/* End PBXProject section */

/* Begin PBXResourcesBuildPhase section */
		AD7FE03228C61452000BB520 /* Resources */ = {
			isa = PBXResourcesBuildPhase;
			buildActionMask = 2147483647;
			files = (
				AD929DE428DB80E10083F058 /* PhotoTableViewCell.xib in Resources */,
				ADB703C628DD09F100573154 /* GoogleService-Info.plist in Resources */,
				AD7FE04428C61454000BB520 /* LaunchScreen.storyboard in Resources */,
				AD929DE028DB80D20083F058 /* TextTableViewCell.xib in Resources */,
				AD7FE04128C61454000BB520 /* Assets.xcassets in Resources */,
				AD929DDC28DB80BF0083F058 /* AuthorTableViewCell.xib in Resources */,
				AD929DE828DB80FA0083F058 /* LikeTableViewCell.xib in Resources */,
				AD7FE03F28C61452000BB520 /* Main.storyboard in Resources */,
			);
			runOnlyForDeploymentPostprocessing = 0;
		};
/* End PBXResourcesBuildPhase section */

/* Begin PBXShellScriptBuildPhase section */
		5D6B22E9B13183E3711CCB98 /* [CP] Check Pods Manifest.lock */ = {
			isa = PBXShellScriptBuildPhase;
			buildActionMask = 2147483647;
			files = (
			);
			inputFileListPaths = (
			);
			inputPaths = (
				"${PODS_PODFILE_DIR_PATH}/Podfile.lock",
				"${PODS_ROOT}/Manifest.lock",
			);
			name = "[CP] Check Pods Manifest.lock";
			outputFileListPaths = (
			);
			outputPaths = (
				"$(DERIVED_FILE_DIR)/Pods-VKFeed-checkManifestLockResult.txt",
			);
			runOnlyForDeploymentPostprocessing = 0;
			shellPath = /bin/sh;
			shellScript = "diff \"${PODS_PODFILE_DIR_PATH}/Podfile.lock\" \"${PODS_ROOT}/Manifest.lock\" > /dev/null\nif [ $? != 0 ] ; then\n    # print error to STDERR\n    echo \"error: The sandbox is not in sync with the Podfile.lock. Run 'pod install' or update your CocoaPods installation.\" >&2\n    exit 1\nfi\n# This output is used by Xcode 'outputs' to avoid re-running this script phase.\necho \"SUCCESS\" > \"${SCRIPT_OUTPUT_FILE_0}\"\n";
			showEnvVarsInLog = 0;
		};
		601CFBE5D18624E5E301DD1D /* [CP] Embed Pods Frameworks */ = {
			isa = PBXShellScriptBuildPhase;
			buildActionMask = 2147483647;
			files = (
			);
			inputFileListPaths = (
				"${PODS_ROOT}/Target Support Files/Pods-VKFeed/Pods-VKFeed-frameworks-${CONFIGURATION}-input-files.xcfilelist",
			);
			name = "[CP] Embed Pods Frameworks";
			outputFileListPaths = (
				"${PODS_ROOT}/Target Support Files/Pods-VKFeed/Pods-VKFeed-frameworks-${CONFIGURATION}-output-files.xcfilelist",
			);
			runOnlyForDeploymentPostprocessing = 0;
			shellPath = /bin/sh;
			shellScript = "\"${PODS_ROOT}/Target Support Files/Pods-VKFeed/Pods-VKFeed-frameworks.sh\"\n";
			showEnvVarsInLog = 0;
		};
/* End PBXShellScriptBuildPhase section */

/* Begin PBXSourcesBuildPhase section */
		AD7FE03028C61452000BB520 /* Sources */ = {
			isa = PBXSourcesBuildPhase;
			buildActionMask = 2147483647;
			files = (
				AD06487128CF6FEE00393F6D /* FriendTableViewCell.swift in Sources */,
				AD929DB728DB7EB40083F058 /* NewsStruct.swift in Sources */,
				ADB7040228DD11A200573154 /* StringSymbolRemove.swift in Sources */,
				AD7FE05128C77554000BB520 /* SessionSingleton.swift in Sources */,
				AD7FE03828C61452000BB520 /* AppDelegate.swift in Sources */,
				AD06487B28CF759100393F6D /* UserStruct.swift in Sources */,
				ADFF3E5228D146D3008A5C41 /* PhotoCollectionViewCell.swift in Sources */,
				AD7FE05328C775BA000BB520 /* MainTabBarController.swift in Sources */,
				AD929DA928D676310083F058 /* GroupStruct.swift in Sources */,
				ADB3858A28D3B287004D1D93 /* BigPhotoViewController.swift in Sources */,
				AD7FE04F28C774B5000BB520 /* WebViewController.swift in Sources */,
				AD929DA728D6745B0083F058 /* GroupAdapter.swift in Sources */,
				AD06488128CF79AA00393F6D /* PhotoService.swift in Sources */,
				AD06487628CF71ED00393F6D /* UIImageLoadExtension.swift in Sources */,
				AD06486F28CF6C2600393F6D /* VKDataModels.swift in Sources */,
				ADFF3E5028D14680008A5C41 /* FriendsPhotosCollectionViewController.swift in Sources */,
				ADFF3E4D28D140A8008A5C41 /* ShadowView.swift in Sources */,
				AD929DE328DB80E10083F058 /* PhotoTableViewCell.swift in Sources */,
				AD7FE05528C7785A000BB520 /* FriendsViewController.swift in Sources */,
				AD929DA528D66D370083F058 /* GroupViewController.swift in Sources */,
				ADB3858828D3ADBA004D1D93 /* PhotoStruct.swift in Sources */,
				AD929DDB28DB80BF0083F058 /* AuthorTableViewCell.swift in Sources */,
				AD8C953828D632DE0079C5B1 /* RealmCacheService.swift in Sources */,
				AD929DB528DB7E8B0083F058 /* NewsViewController.swift in Sources */,
				AD06487D28CF766200393F6D /* FriendsAdapter.swift in Sources */,
				ADB703FF28DD0EC200573154 /* FirebaseCommunity.swift in Sources */,
				AD929DDF28DB80D20083F058 /* TextTableViewCell.swift in Sources */,
				AD929DE728DB80FA0083F058 /* LikeTableViewCell.swift in Sources */,
				AD06487928CF732C00393F6D /* AppErrors.swift in Sources */,
				AD7FE05828C77D8A000BB520 /* VKService.swift in Sources */,
				ADFF3E5428D14700008A5C41 /* LikeControl.swift in Sources */,
				AD7FE03A28C61452000BB520 /* SceneDelegate.swift in Sources */,
				AD929DAB28D679450083F058 /* GroupTableViewCell.swift in Sources */,
			);
			runOnlyForDeploymentPostprocessing = 0;
		};
/* End PBXSourcesBuildPhase section */

/* Begin PBXVariantGroup section */
		AD7FE03D28C61452000BB520 /* Main.storyboard */ = {
			isa = PBXVariantGroup;
			children = (
				AD7FE03E28C61452000BB520 /* Base */,
			);
			name = Main.storyboard;
			sourceTree = "<group>";
		};
		AD7FE04228C61454000BB520 /* LaunchScreen.storyboard */ = {
			isa = PBXVariantGroup;
			children = (
				AD7FE04328C61454000BB520 /* Base */,
			);
			name = LaunchScreen.storyboard;
			sourceTree = "<group>";
		};
/* End PBXVariantGroup section */

/* Begin XCBuildConfiguration section */
		AD7FE04628C61454000BB520 /* Debug */ = {
			isa = XCBuildConfiguration;
			buildSettings = {
				ALWAYS_SEARCH_USER_PATHS = NO;
				CLANG_ANALYZER_NONNULL = YES;
				CLANG_ANALYZER_NUMBER_OBJECT_CONVERSION = YES_AGGRESSIVE;
				CLANG_CXX_LANGUAGE_STANDARD = "gnu++17";
				CLANG_ENABLE_MODULES = YES;
				CLANG_ENABLE_OBJC_ARC = YES;
				CLANG_ENABLE_OBJC_WEAK = YES;
				CLANG_WARN_BLOCK_CAPTURE_AUTORELEASING = YES;
				CLANG_WARN_BOOL_CONVERSION = YES;
				CLANG_WARN_COMMA = YES;
				CLANG_WARN_CONSTANT_CONVERSION = YES;
				CLANG_WARN_DEPRECATED_OBJC_IMPLEMENTATIONS = YES;
				CLANG_WARN_DIRECT_OBJC_ISA_USAGE = YES_ERROR;
				CLANG_WARN_DOCUMENTATION_COMMENTS = YES;
				CLANG_WARN_EMPTY_BODY = YES;
				CLANG_WARN_ENUM_CONVERSION = YES;
				CLANG_WARN_INFINITE_RECURSION = YES;
				CLANG_WARN_INT_CONVERSION = YES;
				CLANG_WARN_NON_LITERAL_NULL_CONVERSION = YES;
				CLANG_WARN_OBJC_IMPLICIT_RETAIN_SELF = YES;
				CLANG_WARN_OBJC_LITERAL_CONVERSION = YES;
				CLANG_WARN_OBJC_ROOT_CLASS = YES_ERROR;
				CLANG_WARN_QUOTED_INCLUDE_IN_FRAMEWORK_HEADER = YES;
				CLANG_WARN_RANGE_LOOP_ANALYSIS = YES;
				CLANG_WARN_STRICT_PROTOTYPES = YES;
				CLANG_WARN_SUSPICIOUS_MOVE = YES;
				CLANG_WARN_UNGUARDED_AVAILABILITY = YES_AGGRESSIVE;
				CLANG_WARN_UNREACHABLE_CODE = YES;
				CLANG_WARN__DUPLICATE_METHOD_MATCH = YES;
				COPY_PHASE_STRIP = NO;
				DEBUG_INFORMATION_FORMAT = dwarf;
				ENABLE_STRICT_OBJC_MSGSEND = YES;
				ENABLE_TESTABILITY = YES;
				GCC_C_LANGUAGE_STANDARD = gnu11;
				GCC_DYNAMIC_NO_PIC = NO;
				GCC_NO_COMMON_BLOCKS = YES;
				GCC_OPTIMIZATION_LEVEL = 0;
				GCC_PREPROCESSOR_DEFINITIONS = (
					"DEBUG=1",
					"$(inherited)",
				);
				GCC_WARN_64_TO_32_BIT_CONVERSION = YES;
				GCC_WARN_ABOUT_RETURN_TYPE = YES_ERROR;
				GCC_WARN_UNDECLARED_SELECTOR = YES;
				GCC_WARN_UNINITIALIZED_AUTOS = YES_AGGRESSIVE;
				GCC_WARN_UNUSED_FUNCTION = YES;
				GCC_WARN_UNUSED_VARIABLE = YES;
				IPHONEOS_DEPLOYMENT_TARGET = 16.0;
				MTL_ENABLE_DEBUG_INFO = INCLUDE_SOURCE;
				MTL_FAST_MATH = YES;
				ONLY_ACTIVE_ARCH = YES;
				SDKROOT = iphoneos;
				SWIFT_ACTIVE_COMPILATION_CONDITIONS = DEBUG;
				SWIFT_OPTIMIZATION_LEVEL = "-Onone";
			};
			name = Debug;
		};
		AD7FE04728C61454000BB520 /* Release */ = {
			isa = XCBuildConfiguration;
			buildSettings = {
				ALWAYS_SEARCH_USER_PATHS = NO;
				CLANG_ANALYZER_NONNULL = YES;
				CLANG_ANALYZER_NUMBER_OBJECT_CONVERSION = YES_AGGRESSIVE;
				CLANG_CXX_LANGUAGE_STANDARD = "gnu++17";
				CLANG_ENABLE_MODULES = YES;
				CLANG_ENABLE_OBJC_ARC = YES;
				CLANG_ENABLE_OBJC_WEAK = YES;
				CLANG_WARN_BLOCK_CAPTURE_AUTORELEASING = YES;
				CLANG_WARN_BOOL_CONVERSION = YES;
				CLANG_WARN_COMMA = YES;
				CLANG_WARN_CONSTANT_CONVERSION = YES;
				CLANG_WARN_DEPRECATED_OBJC_IMPLEMENTATIONS = YES;
				CLANG_WARN_DIRECT_OBJC_ISA_USAGE = YES_ERROR;
				CLANG_WARN_DOCUMENTATION_COMMENTS = YES;
				CLANG_WARN_EMPTY_BODY = YES;
				CLANG_WARN_ENUM_CONVERSION = YES;
				CLANG_WARN_INFINITE_RECURSION = YES;
				CLANG_WARN_INT_CONVERSION = YES;
				CLANG_WARN_NON_LITERAL_NULL_CONVERSION = YES;
				CLANG_WARN_OBJC_IMPLICIT_RETAIN_SELF = YES;
				CLANG_WARN_OBJC_LITERAL_CONVERSION = YES;
				CLANG_WARN_OBJC_ROOT_CLASS = YES_ERROR;
				CLANG_WARN_QUOTED_INCLUDE_IN_FRAMEWORK_HEADER = YES;
				CLANG_WARN_RANGE_LOOP_ANALYSIS = YES;
				CLANG_WARN_STRICT_PROTOTYPES = YES;
				CLANG_WARN_SUSPICIOUS_MOVE = YES;
				CLANG_WARN_UNGUARDED_AVAILABILITY = YES_AGGRESSIVE;
				CLANG_WARN_UNREACHABLE_CODE = YES;
				CLANG_WARN__DUPLICATE_METHOD_MATCH = YES;
				COPY_PHASE_STRIP = NO;
				DEBUG_INFORMATION_FORMAT = "dwarf-with-dsym";
				ENABLE_NS_ASSERTIONS = NO;
				ENABLE_STRICT_OBJC_MSGSEND = YES;
				GCC_C_LANGUAGE_STANDARD = gnu11;
				GCC_NO_COMMON_BLOCKS = YES;
				GCC_WARN_64_TO_32_BIT_CONVERSION = YES;
				GCC_WARN_ABOUT_RETURN_TYPE = YES_ERROR;
				GCC_WARN_UNDECLARED_SELECTOR = YES;
				GCC_WARN_UNINITIALIZED_AUTOS = YES_AGGRESSIVE;
				GCC_WARN_UNUSED_FUNCTION = YES;
				GCC_WARN_UNUSED_VARIABLE = YES;
				IPHONEOS_DEPLOYMENT_TARGET = 16.0;
				MTL_ENABLE_DEBUG_INFO = NO;
				MTL_FAST_MATH = YES;
				SDKROOT = iphoneos;
				SWIFT_COMPILATION_MODE = wholemodule;
				SWIFT_OPTIMIZATION_LEVEL = "-O";
				VALIDATE_PRODUCT = YES;
			};
			name = Release;
		};
		AD7FE04928C61454000BB520 /* Debug */ = {
			isa = XCBuildConfiguration;
			baseConfigurationReference = 322771861DBDCBB48063EF74 /* Pods-VKFeed.debug.xcconfig */;
			buildSettings = {
				ASSETCATALOG_COMPILER_APPICON_NAME = AppIcon;
				ASSETCATALOG_COMPILER_GLOBAL_ACCENT_COLOR_NAME = AccentColor;
				CODE_SIGN_STYLE = Automatic;
				CURRENT_PROJECT_VERSION = 1;
				DEVELOPMENT_TEAM = 8B29PPTYV5;
				GENERATE_INFOPLIST_FILE = YES;
				INFOPLIST_FILE = VKFeed/Info.plist;
				INFOPLIST_KEY_UIApplicationSupportsIndirectInputEvents = YES;
				INFOPLIST_KEY_UILaunchStoryboardName = LaunchScreen;
				INFOPLIST_KEY_UIMainStoryboardFile = Main;
				INFOPLIST_KEY_UISupportedInterfaceOrientations_iPad = "UIInterfaceOrientationPortrait UIInterfaceOrientationPortraitUpsideDown UIInterfaceOrientationLandscapeLeft UIInterfaceOrientationLandscapeRight";
				INFOPLIST_KEY_UISupportedInterfaceOrientations_iPhone = "UIInterfaceOrientationPortrait UIInterfaceOrientationLandscapeLeft UIInterfaceOrientationLandscapeRight";
				LD_RUNPATH_SEARCH_PATHS = (
					"$(inherited)",
					"@executable_path/Frameworks",
				);
				MARKETING_VERSION = 1.0;
				PRODUCT_BUNDLE_IDENTIFIER = com.myorganization.VKFeed;
				PRODUCT_NAME = "$(TARGET_NAME)";
				SWIFT_EMIT_LOC_STRINGS = YES;
				SWIFT_VERSION = 5.0;
				TARGETED_DEVICE_FAMILY = "1,2";
			};
			name = Debug;
		};
		AD7FE04A28C61454000BB520 /* Release */ = {
			isa = XCBuildConfiguration;
			baseConfigurationReference = 99DA78A02287BC43A8A35DAA /* Pods-VKFeed.release.xcconfig */;
			buildSettings = {
				ASSETCATALOG_COMPILER_APPICON_NAME = AppIcon;
				ASSETCATALOG_COMPILER_GLOBAL_ACCENT_COLOR_NAME = AccentColor;
				CODE_SIGN_STYLE = Automatic;
				CURRENT_PROJECT_VERSION = 1;
				DEVELOPMENT_TEAM = 8B29PPTYV5;
				GENERATE_INFOPLIST_FILE = YES;
				INFOPLIST_FILE = VKFeed/Info.plist;
				INFOPLIST_KEY_UIApplicationSupportsIndirectInputEvents = YES;
				INFOPLIST_KEY_UILaunchStoryboardName = LaunchScreen;
				INFOPLIST_KEY_UIMainStoryboardFile = Main;
				INFOPLIST_KEY_UISupportedInterfaceOrientations_iPad = "UIInterfaceOrientationPortrait UIInterfaceOrientationPortraitUpsideDown UIInterfaceOrientationLandscapeLeft UIInterfaceOrientationLandscapeRight";
				INFOPLIST_KEY_UISupportedInterfaceOrientations_iPhone = "UIInterfaceOrientationPortrait UIInterfaceOrientationLandscapeLeft UIInterfaceOrientationLandscapeRight";
				LD_RUNPATH_SEARCH_PATHS = (
					"$(inherited)",
					"@executable_path/Frameworks",
				);
				MARKETING_VERSION = 1.0;
				PRODUCT_BUNDLE_IDENTIFIER = com.myorganization.VKFeed;
				PRODUCT_NAME = "$(TARGET_NAME)";
				SWIFT_EMIT_LOC_STRINGS = YES;
				SWIFT_VERSION = 5.0;
				TARGETED_DEVICE_FAMILY = "1,2";
			};
			name = Release;
		};
/* End XCBuildConfiguration section */

/* Begin XCConfigurationList section */
		AD7FE02F28C61452000BB520 /* Build configuration list for PBXProject "VKFeed" */ = {
			isa = XCConfigurationList;
			buildConfigurations = (
				AD7FE04628C61454000BB520 /* Debug */,
				AD7FE04728C61454000BB520 /* Release */,
			);
			defaultConfigurationIsVisible = 0;
			defaultConfigurationName = Release;
		};
		AD7FE04828C61454000BB520 /* Build configuration list for PBXNativeTarget "VKFeed" */ = {
			isa = XCConfigurationList;
			buildConfigurations = (
				AD7FE04928C61454000BB520 /* Debug */,
				AD7FE04A28C61454000BB520 /* Release */,
			);
			defaultConfigurationIsVisible = 0;
			defaultConfigurationName = Release;
		};
/* End XCConfigurationList section */

/* Begin XCRemoteSwiftPackageReference section */
		ADB703C728DD0A7B00573154 /* XCRemoteSwiftPackageReference "firebase-ios-sdk" */ = {
			isa = XCRemoteSwiftPackageReference;
			repositoryURL = "https://github.com/firebase/firebase-ios-sdk";
			requirement = {
				branch = master;
				kind = branch;
			};
		};
/* End XCRemoteSwiftPackageReference section */

/* Begin XCSwiftPackageProductDependency section */
		ADB703C828DD0A7B00573154 /* FirebaseAnalytics */ = {
			isa = XCSwiftPackageProductDependency;
			package = ADB703C728DD0A7B00573154 /* XCRemoteSwiftPackageReference "firebase-ios-sdk" */;
			productName = FirebaseAnalytics;
		};
		ADB703CA28DD0A7B00573154 /* FirebaseAnalyticsOnDeviceConversion */ = {
			isa = XCSwiftPackageProductDependency;
			package = ADB703C728DD0A7B00573154 /* XCRemoteSwiftPackageReference "firebase-ios-sdk" */;
			productName = FirebaseAnalyticsOnDeviceConversion;
		};
		ADB703CC28DD0A7B00573154 /* FirebaseAnalyticsSwift */ = {
			isa = XCSwiftPackageProductDependency;
			package = ADB703C728DD0A7B00573154 /* XCRemoteSwiftPackageReference "firebase-ios-sdk" */;
			productName = FirebaseAnalyticsSwift;
		};
		ADB703CE28DD0A7B00573154 /* FirebaseAnalyticsWithoutAdIdSupport */ = {
			isa = XCSwiftPackageProductDependency;
			package = ADB703C728DD0A7B00573154 /* XCRemoteSwiftPackageReference "firebase-ios-sdk" */;
			productName = FirebaseAnalyticsWithoutAdIdSupport;
		};
		ADB703D028DD0A7B00573154 /* FirebaseAppCheck */ = {
			isa = XCSwiftPackageProductDependency;
			package = ADB703C728DD0A7B00573154 /* XCRemoteSwiftPackageReference "firebase-ios-sdk" */;
			productName = FirebaseAppCheck;
		};
		ADB703D228DD0A7B00573154 /* FirebaseAppDistribution-Beta */ = {
			isa = XCSwiftPackageProductDependency;
			package = ADB703C728DD0A7B00573154 /* XCRemoteSwiftPackageReference "firebase-ios-sdk" */;
			productName = "FirebaseAppDistribution-Beta";
		};
		ADB703D428DD0A7B00573154 /* FirebaseAuth */ = {
			isa = XCSwiftPackageProductDependency;
			package = ADB703C728DD0A7B00573154 /* XCRemoteSwiftPackageReference "firebase-ios-sdk" */;
			productName = FirebaseAuth;
		};
		ADB703D628DD0A7B00573154 /* FirebaseAuthCombine-Community */ = {
			isa = XCSwiftPackageProductDependency;
			package = ADB703C728DD0A7B00573154 /* XCRemoteSwiftPackageReference "firebase-ios-sdk" */;
			productName = "FirebaseAuthCombine-Community";
		};
		ADB703D828DD0A7B00573154 /* FirebaseCrashlytics */ = {
			isa = XCSwiftPackageProductDependency;
			package = ADB703C728DD0A7B00573154 /* XCRemoteSwiftPackageReference "firebase-ios-sdk" */;
			productName = FirebaseCrashlytics;
		};
		ADB703DA28DD0A7B00573154 /* FirebaseDatabase */ = {
			isa = XCSwiftPackageProductDependency;
			package = ADB703C728DD0A7B00573154 /* XCRemoteSwiftPackageReference "firebase-ios-sdk" */;
			productName = FirebaseDatabase;
		};
		ADB703DC28DD0A7B00573154 /* FirebaseDatabaseSwift */ = {
			isa = XCSwiftPackageProductDependency;
			package = ADB703C728DD0A7B00573154 /* XCRemoteSwiftPackageReference "firebase-ios-sdk" */;
			productName = FirebaseDatabaseSwift;
		};
		ADB703DE28DD0A7B00573154 /* FirebaseDynamicLinks */ = {
			isa = XCSwiftPackageProductDependency;
			package = ADB703C728DD0A7B00573154 /* XCRemoteSwiftPackageReference "firebase-ios-sdk" */;
			productName = FirebaseDynamicLinks;
		};
		ADB703E028DD0A7B00573154 /* FirebaseFirestore */ = {
			isa = XCSwiftPackageProductDependency;
			package = ADB703C728DD0A7B00573154 /* XCRemoteSwiftPackageReference "firebase-ios-sdk" */;
			productName = FirebaseFirestore;
		};
		ADB703E228DD0A7B00573154 /* FirebaseFirestoreCombine-Community */ = {
			isa = XCSwiftPackageProductDependency;
			package = ADB703C728DD0A7B00573154 /* XCRemoteSwiftPackageReference "firebase-ios-sdk" */;
			productName = "FirebaseFirestoreCombine-Community";
		};
		ADB703E428DD0A7B00573154 /* FirebaseFirestoreSwift */ = {
			isa = XCSwiftPackageProductDependency;
			package = ADB703C728DD0A7B00573154 /* XCRemoteSwiftPackageReference "firebase-ios-sdk" */;
			productName = FirebaseFirestoreSwift;
		};
		ADB703E628DD0A7B00573154 /* FirebaseFunctions */ = {
			isa = XCSwiftPackageProductDependency;
			package = ADB703C728DD0A7B00573154 /* XCRemoteSwiftPackageReference "firebase-ios-sdk" */;
			productName = FirebaseFunctions;
		};
		ADB703E828DD0A7B00573154 /* FirebaseFunctionsCombine-Community */ = {
			isa = XCSwiftPackageProductDependency;
			package = ADB703C728DD0A7B00573154 /* XCRemoteSwiftPackageReference "firebase-ios-sdk" */;
			productName = "FirebaseFunctionsCombine-Community";
		};
		ADB703EA28DD0A7B00573154 /* FirebaseInAppMessaging-Beta */ = {
			isa = XCSwiftPackageProductDependency;
			package = ADB703C728DD0A7B00573154 /* XCRemoteSwiftPackageReference "firebase-ios-sdk" */;
			productName = "FirebaseInAppMessaging-Beta";
		};
		ADB703EC28DD0A7B00573154 /* FirebaseInAppMessagingSwift-Beta */ = {
			isa = XCSwiftPackageProductDependency;
			package = ADB703C728DD0A7B00573154 /* XCRemoteSwiftPackageReference "firebase-ios-sdk" */;
			productName = "FirebaseInAppMessagingSwift-Beta";
		};
		ADB703EE28DD0A7B00573154 /* FirebaseInstallations */ = {
			isa = XCSwiftPackageProductDependency;
			package = ADB703C728DD0A7B00573154 /* XCRemoteSwiftPackageReference "firebase-ios-sdk" */;
			productName = FirebaseInstallations;
		};
		ADB703F028DD0A7B00573154 /* FirebaseMLModelDownloader */ = {
			isa = XCSwiftPackageProductDependency;
			package = ADB703C728DD0A7B00573154 /* XCRemoteSwiftPackageReference "firebase-ios-sdk" */;
			productName = FirebaseMLModelDownloader;
		};
		ADB703F228DD0A7B00573154 /* FirebaseMessaging */ = {
			isa = XCSwiftPackageProductDependency;
			package = ADB703C728DD0A7B00573154 /* XCRemoteSwiftPackageReference "firebase-ios-sdk" */;
			productName = FirebaseMessaging;
		};
		ADB703F428DD0A7B00573154 /* FirebasePerformance */ = {
			isa = XCSwiftPackageProductDependency;
			package = ADB703C728DD0A7B00573154 /* XCRemoteSwiftPackageReference "firebase-ios-sdk" */;
			productName = FirebasePerformance;
		};
		ADB703F628DD0A7B00573154 /* FirebaseRemoteConfig */ = {
			isa = XCSwiftPackageProductDependency;
			package = ADB703C728DD0A7B00573154 /* XCRemoteSwiftPackageReference "firebase-ios-sdk" */;
			productName = FirebaseRemoteConfig;
		};
		ADB703F828DD0A7B00573154 /* FirebaseRemoteConfigSwift */ = {
			isa = XCSwiftPackageProductDependency;
			package = ADB703C728DD0A7B00573154 /* XCRemoteSwiftPackageReference "firebase-ios-sdk" */;
			productName = FirebaseRemoteConfigSwift;
		};
		ADB703FA28DD0A7B00573154 /* FirebaseStorage */ = {
			isa = XCSwiftPackageProductDependency;
			package = ADB703C728DD0A7B00573154 /* XCRemoteSwiftPackageReference "firebase-ios-sdk" */;
			productName = FirebaseStorage;
		};
		ADB703FC28DD0A7B00573154 /* FirebaseStorageCombine-Community */ = {
			isa = XCSwiftPackageProductDependency;
			package = ADB703C728DD0A7B00573154 /* XCRemoteSwiftPackageReference "firebase-ios-sdk" */;
			productName = "FirebaseStorageCombine-Community";
		};
/* End XCSwiftPackageProductDependency section */
	};
	rootObject = AD7FE02C28C61452000BB520 /* Project object */;
}
